// !$*UTF8*$!
{
	archiveVersion = 1;
	classes = {
	};
	objectVersion = 51;
	objects = {

/* Begin PBXBuildFile section */
		35A4C8A51683538D99BEA22A /* Pods_Woofriend.framework in Frameworks */ = {isa = PBXBuildFile; fileRef = 4ACF9BE9B68669A60F56D031 /* Pods_Woofriend.framework */; };
		A3546DC5109591CE2B71DEA9 /* Pods_WoofriendTests.framework in Frameworks */ = {isa = PBXBuildFile; fileRef = 16B2BAB44279FFF89A09C509 /* Pods_WoofriendTests.framework */; };
		B8A30D6A25FFD0F8005466DA /* SignUpRouter.swift in Sources */ = {isa = PBXBuildFile; fileRef = B8A30D6725FFD0F8005466DA /* SignUpRouter.swift */; };
		B8A30D6B25FFD0F8005466DA /* SignUpBuilder.swift in Sources */ = {isa = PBXBuildFile; fileRef = B8A30D6825FFD0F8005466DA /* SignUpBuilder.swift */; };
		B8A30D6C25FFD0F8005466DA /* SignUpInteractor.swift in Sources */ = {isa = PBXBuildFile; fileRef = B8A30D6925FFD0F8005466DA /* SignUpInteractor.swift */; };
		B8A30D8425FFD3F2005466DA /* LoggedOutComponent+SignUp.swift in Sources */ = {isa = PBXBuildFile; fileRef = B8A30D8325FFD3F2005466DA /* LoggedOutComponent+SignUp.swift */; };
		B8A30D8E25FFD5A0005466DA /* DogNameRouter.swift in Sources */ = {isa = PBXBuildFile; fileRef = B8A30D8925FFD5A0005466DA /* DogNameRouter.swift */; };
		B8A30D8F25FFD5A0005466DA /* DogNameViewController.swift in Sources */ = {isa = PBXBuildFile; fileRef = B8A30D8A25FFD5A0005466DA /* DogNameViewController.swift */; };
		B8A30D9025FFD5A0005466DA /* DogNameBuilder.swift in Sources */ = {isa = PBXBuildFile; fileRef = B8A30D8B25FFD5A0005466DA /* DogNameBuilder.swift */; };
		B8A30D9125FFD5A0005466DA /* DogNameInteractor.swift in Sources */ = {isa = PBXBuildFile; fileRef = B8A30D8C25FFD5A0005466DA /* DogNameInteractor.swift */; };
		B8A30D9225FFD5A0005466DA /* DogNameViewController.xib in Resources */ = {isa = PBXBuildFile; fileRef = B8A30D8D25FFD5A0005466DA /* DogNameViewController.xib */; };
		B8A30D9F25FFE00C005466DA /* SignUpComponent+DogName.swift in Sources */ = {isa = PBXBuildFile; fileRef = B8A30D9E25FFE00C005466DA /* SignUpComponent+DogName.swift */; };
		E80337E925BEBE34008580CA /* AppDelegate.swift in Sources */ = {isa = PBXBuildFile; fileRef = E80337E825BEBE34008580CA /* AppDelegate.swift */; };
		E80337F325BEBE34008580CA /* woofriend.xcdatamodeld in Sources */ = {isa = PBXBuildFile; fileRef = E80337F125BEBE34008580CA /* woofriend.xcdatamodeld */; };
		E80337F525BEBE36008580CA /* Assets.xcassets in Resources */ = {isa = PBXBuildFile; fileRef = E80337F425BEBE36008580CA /* Assets.xcassets */; };
		E80337F825BEBE36008580CA /* LaunchScreen.storyboard in Resources */ = {isa = PBXBuildFile; fileRef = E80337F625BEBE36008580CA /* LaunchScreen.storyboard */; };
		E803380325BEBE36008580CA /* woofriendTests.swift in Sources */ = {isa = PBXBuildFile; fileRef = E803380225BEBE36008580CA /* woofriendTests.swift */; };
		E803380E25BEBE36008580CA /* woofriendUITests.swift in Sources */ = {isa = PBXBuildFile; fileRef = E803380D25BEBE36008580CA /* woofriendUITests.swift */; };
		E818FC9B25DCE9A60035E306 /* AppComponent.swift in Sources */ = {isa = PBXBuildFile; fileRef = E818FC9A25DCE9A60035E306 /* AppComponent.swift */; };
		E818FCE325DCEF910035E306 /* RootRouter.swift in Sources */ = {isa = PBXBuildFile; fileRef = E818FCDF25DCEF910035E306 /* RootRouter.swift */; };
		E818FCE425DCEF910035E306 /* RootViewController.swift in Sources */ = {isa = PBXBuildFile; fileRef = E818FCE025DCEF910035E306 /* RootViewController.swift */; };
		E818FCE525DCEF910035E306 /* RootBuilder.swift in Sources */ = {isa = PBXBuildFile; fileRef = E818FCE125DCEF910035E306 /* RootBuilder.swift */; };
		E818FCE625DCEF910035E306 /* RootInteractor.swift in Sources */ = {isa = PBXBuildFile; fileRef = E818FCE225DCEF910035E306 /* RootInteractor.swift */; };
		E818FD3025DD06860035E306 /* LoggedOutRouter.swift in Sources */ = {isa = PBXBuildFile; fileRef = E818FD2C25DD06860035E306 /* LoggedOutRouter.swift */; };
		E818FD3125DD06860035E306 /* LoggedOutViewController.swift in Sources */ = {isa = PBXBuildFile; fileRef = E818FD2D25DD06860035E306 /* LoggedOutViewController.swift */; };
		E818FD3225DD06860035E306 /* LoggedOutBuilder.swift in Sources */ = {isa = PBXBuildFile; fileRef = E818FD2E25DD06860035E306 /* LoggedOutBuilder.swift */; };
		E818FD3325DD06860035E306 /* LoggedOutInteractor.swift in Sources */ = {isa = PBXBuildFile; fileRef = E818FD2F25DD06860035E306 /* LoggedOutInteractor.swift */; };
		E818FD3E25DD06B00035E306 /* MainRouter.swift in Sources */ = {isa = PBXBuildFile; fileRef = E818FD3A25DD06B00035E306 /* MainRouter.swift */; };
		E818FD3F25DD06B00035E306 /* MainViewController.swift in Sources */ = {isa = PBXBuildFile; fileRef = E818FD3B25DD06B00035E306 /* MainViewController.swift */; };
		E818FD4025DD06B00035E306 /* MainBuilder.swift in Sources */ = {isa = PBXBuildFile; fileRef = E818FD3C25DD06B00035E306 /* MainBuilder.swift */; };
		E818FD4125DD06B00035E306 /* MainInteractor.swift in Sources */ = {isa = PBXBuildFile; fileRef = E818FD3D25DD06B00035E306 /* MainInteractor.swift */; };
		E818FD5625DD0CB30035E306 /* LoggedOutViewController.storyboard in Resources */ = {isa = PBXBuildFile; fileRef = E818FD5525DD0CB30035E306 /* LoggedOutViewController.storyboard */; };
		E818FDEE25DD37250035E306 /* RootLoggedOut.swift in Sources */ = {isa = PBXBuildFile; fileRef = E818FDED25DD37250035E306 /* RootLoggedOut.swift */; };
		E818FDFC25DD39390035E306 /* Storyboard.swift in Sources */ = {isa = PBXBuildFile; fileRef = E818FDFB25DD39390035E306 /* Storyboard.swift */; };
		E818FE0525DD39EC0035E306 /* BaseViewController.swift in Sources */ = {isa = PBXBuildFile; fileRef = E818FE0425DD39EC0035E306 /* BaseViewController.swift */; };
		E818FE0B25DD3FB30035E306 /* UIViewController+Extension.swift in Sources */ = {isa = PBXBuildFile; fileRef = E818FE0A25DD3FB30035E306 /* UIViewController+Extension.swift */; };
		E818FE4A25DD4F1A0035E306 /* PopUpViewController.swift in Sources */ = {isa = PBXBuildFile; fileRef = E818FE4825DD4F1A0035E306 /* PopUpViewController.swift */; };
		E818FE4B25DD4F1A0035E306 /* PopUpView.xib in Resources */ = {isa = PBXBuildFile; fileRef = E818FE4925DD4F1A0035E306 /* PopUpView.xib */; };
		E818FE5025DD673D0035E306 /* PopUpViewController.storyboard in Resources */ = {isa = PBXBuildFile; fileRef = E818FE4F25DD673D0035E306 /* PopUpViewController.storyboard */; };
		E818FE5525DD694E0035E306 /* PopUpView.swift in Sources */ = {isa = PBXBuildFile; fileRef = E818FE5425DD694E0035E306 /* PopUpView.swift */; };
		E85469EE25C50EDA0043B4FE /* GoogleService-Info.plist in Resources */ = {isa = PBXBuildFile; fileRef = E85469ED25C50EDA0043B4FE /* GoogleService-Info.plist */; };
		E87287B525DE8577005575BF /* UINavigationContoller+Extension.swift in Sources */ = {isa = PBXBuildFile; fileRef = E87287B425DE8577005575BF /* UINavigationContoller+Extension.swift */; };
		E872880525DEAAEE005575BF /* UIView+Extension.swift in Sources */ = {isa = PBXBuildFile; fileRef = E872880425DEAAEE005575BF /* UIView+Extension.swift */; };
		E8A1340E25E4B9DA00C7E1EC /* UIApplication+Extension.swift in Sources */ = {isa = PBXBuildFile; fileRef = E8A1340D25E4B9DA00C7E1EC /* UIApplication+Extension.swift */; };
		E8D3E02325E21AD3008B87FA /* BaseCollectionViewCell.swift in Sources */ = {isa = PBXBuildFile; fileRef = E8D3E02225E21AD3008B87FA /* BaseCollectionViewCell.swift */; };
		FF5931FEF558938C770389A4 /* Pods_Woofriend_WoofriendUITests.framework in Frameworks */ = {isa = PBXBuildFile; fileRef = 8923BD98FEC395512C25C622 /* Pods_Woofriend_WoofriendUITests.framework */; };
/* End PBXBuildFile section */

/* Begin PBXContainerItemProxy section */
		E80337FF25BEBE36008580CA /* PBXContainerItemProxy */ = {
			isa = PBXContainerItemProxy;
			containerPortal = E80337DD25BEBE34008580CA /* Project object */;
			proxyType = 1;
			remoteGlobalIDString = E80337E425BEBE34008580CA;
			remoteInfo = woofriend;
		};
		E803380A25BEBE36008580CA /* PBXContainerItemProxy */ = {
			isa = PBXContainerItemProxy;
			containerPortal = E80337DD25BEBE34008580CA /* Project object */;
			proxyType = 1;
			remoteGlobalIDString = E80337E425BEBE34008580CA;
			remoteInfo = woofriend;
		};
/* End PBXContainerItemProxy section */

/* Begin PBXFileReference section */
		1021EC999F8855FD078DF99C /* Pods-WoofriendTests.release.xcconfig */ = {isa = PBXFileReference; includeInIndex = 1; lastKnownFileType = text.xcconfig; name = "Pods-WoofriendTests.release.xcconfig"; path = "Target Support Files/Pods-WoofriendTests/Pods-WoofriendTests.release.xcconfig"; sourceTree = "<group>"; };
		16B2BAB44279FFF89A09C509 /* Pods_WoofriendTests.framework */ = {isa = PBXFileReference; explicitFileType = wrapper.framework; includeInIndex = 0; path = Pods_WoofriendTests.framework; sourceTree = BUILT_PRODUCTS_DIR; };
		4A5D66928C143E89B1DEC1F5 /* Pods-Woofriend.release.xcconfig */ = {isa = PBXFileReference; includeInIndex = 1; lastKnownFileType = text.xcconfig; name = "Pods-Woofriend.release.xcconfig"; path = "Target Support Files/Pods-Woofriend/Pods-Woofriend.release.xcconfig"; sourceTree = "<group>"; };
		4ACF9BE9B68669A60F56D031 /* Pods_Woofriend.framework */ = {isa = PBXFileReference; explicitFileType = wrapper.framework; includeInIndex = 0; path = Pods_Woofriend.framework; sourceTree = BUILT_PRODUCTS_DIR; };
		8923BD98FEC395512C25C622 /* Pods_Woofriend_WoofriendUITests.framework */ = {isa = PBXFileReference; explicitFileType = wrapper.framework; includeInIndex = 0; path = Pods_Woofriend_WoofriendUITests.framework; sourceTree = BUILT_PRODUCTS_DIR; };
		93A5586BE55B323D5A7BC9DC /* Pods-Woofriend-WoofriendUITests.debug.xcconfig */ = {isa = PBXFileReference; includeInIndex = 1; lastKnownFileType = text.xcconfig; name = "Pods-Woofriend-WoofriendUITests.debug.xcconfig"; path = "Target Support Files/Pods-Woofriend-WoofriendUITests/Pods-Woofriend-WoofriendUITests.debug.xcconfig"; sourceTree = "<group>"; };
		B09272E57C9BFC1751A5BF2D /* Pods-Woofriend.debug.xcconfig */ = {isa = PBXFileReference; includeInIndex = 1; lastKnownFileType = text.xcconfig; name = "Pods-Woofriend.debug.xcconfig"; path = "Target Support Files/Pods-Woofriend/Pods-Woofriend.debug.xcconfig"; sourceTree = "<group>"; };
		B8A30D6725FFD0F8005466DA /* SignUpRouter.swift */ = {isa = PBXFileReference; lastKnownFileType = sourcecode.swift; path = SignUpRouter.swift; sourceTree = "<group>"; };
		B8A30D6825FFD0F8005466DA /* SignUpBuilder.swift */ = {isa = PBXFileReference; lastKnownFileType = sourcecode.swift; path = SignUpBuilder.swift; sourceTree = "<group>"; };
		B8A30D6925FFD0F8005466DA /* SignUpInteractor.swift */ = {isa = PBXFileReference; lastKnownFileType = sourcecode.swift; path = SignUpInteractor.swift; sourceTree = "<group>"; };
		B8A30D8325FFD3F2005466DA /* LoggedOutComponent+SignUp.swift */ = {isa = PBXFileReference; lastKnownFileType = sourcecode.swift; path = "LoggedOutComponent+SignUp.swift"; sourceTree = "<group>"; };
		B8A30D8925FFD5A0005466DA /* DogNameRouter.swift */ = {isa = PBXFileReference; lastKnownFileType = sourcecode.swift; path = DogNameRouter.swift; sourceTree = "<group>"; };
		B8A30D8A25FFD5A0005466DA /* DogNameViewController.swift */ = {isa = PBXFileReference; lastKnownFileType = sourcecode.swift; path = DogNameViewController.swift; sourceTree = "<group>"; };
		B8A30D8B25FFD5A0005466DA /* DogNameBuilder.swift */ = {isa = PBXFileReference; lastKnownFileType = sourcecode.swift; path = DogNameBuilder.swift; sourceTree = "<group>"; };
		B8A30D8C25FFD5A0005466DA /* DogNameInteractor.swift */ = {isa = PBXFileReference; lastKnownFileType = sourcecode.swift; path = DogNameInteractor.swift; sourceTree = "<group>"; };
		B8A30D8D25FFD5A0005466DA /* DogNameViewController.xib */ = {isa = PBXFileReference; lastKnownFileType = file.xib; path = DogNameViewController.xib; sourceTree = "<group>"; };
		B8A30D9E25FFE00C005466DA /* SignUpComponent+DogName.swift */ = {isa = PBXFileReference; lastKnownFileType = sourcecode.swift; path = "SignUpComponent+DogName.swift"; sourceTree = "<group>"; };
		CE33E6A44E5F01F2402DAFCA /* Pods-Woofriend-WoofriendUITests.release.xcconfig */ = {isa = PBXFileReference; includeInIndex = 1; lastKnownFileType = text.xcconfig; name = "Pods-Woofriend-WoofriendUITests.release.xcconfig"; path = "Target Support Files/Pods-Woofriend-WoofriendUITests/Pods-Woofriend-WoofriendUITests.release.xcconfig"; sourceTree = "<group>"; };
		E80337E525BEBE34008580CA /* Woofriend.app */ = {isa = PBXFileReference; explicitFileType = wrapper.application; includeInIndex = 0; path = Woofriend.app; sourceTree = BUILT_PRODUCTS_DIR; };
		E80337E825BEBE34008580CA /* AppDelegate.swift */ = {isa = PBXFileReference; lastKnownFileType = sourcecode.swift; path = AppDelegate.swift; sourceTree = "<group>"; };
		E80337F225BEBE34008580CA /* woofriend.xcdatamodel */ = {isa = PBXFileReference; lastKnownFileType = wrapper.xcdatamodel; path = woofriend.xcdatamodel; sourceTree = "<group>"; };
		E80337F425BEBE36008580CA /* Assets.xcassets */ = {isa = PBXFileReference; lastKnownFileType = folder.assetcatalog; path = Assets.xcassets; sourceTree = "<group>"; };
		E80337F725BEBE36008580CA /* Base */ = {isa = PBXFileReference; lastKnownFileType = file.storyboard; name = Base; path = Base.lproj/LaunchScreen.storyboard; sourceTree = "<group>"; };
		E80337F925BEBE36008580CA /* Info.plist */ = {isa = PBXFileReference; lastKnownFileType = text.plist.xml; path = Info.plist; sourceTree = "<group>"; };
		E80337FE25BEBE36008580CA /* WoofriendTests.xctest */ = {isa = PBXFileReference; explicitFileType = wrapper.cfbundle; includeInIndex = 0; path = WoofriendTests.xctest; sourceTree = BUILT_PRODUCTS_DIR; };
		E803380225BEBE36008580CA /* woofriendTests.swift */ = {isa = PBXFileReference; lastKnownFileType = sourcecode.swift; path = woofriendTests.swift; sourceTree = "<group>"; };
		E803380425BEBE36008580CA /* Info.plist */ = {isa = PBXFileReference; lastKnownFileType = text.plist.xml; path = Info.plist; sourceTree = "<group>"; };
		E803380925BEBE36008580CA /* WoofriendUITests.xctest */ = {isa = PBXFileReference; explicitFileType = wrapper.cfbundle; includeInIndex = 0; path = WoofriendUITests.xctest; sourceTree = BUILT_PRODUCTS_DIR; };
		E803380D25BEBE36008580CA /* woofriendUITests.swift */ = {isa = PBXFileReference; lastKnownFileType = sourcecode.swift; path = woofriendUITests.swift; sourceTree = "<group>"; };
		E803380F25BEBE36008580CA /* Info.plist */ = {isa = PBXFileReference; lastKnownFileType = text.plist.xml; path = Info.plist; sourceTree = "<group>"; };
		E818FC9A25DCE9A60035E306 /* AppComponent.swift */ = {isa = PBXFileReference; lastKnownFileType = sourcecode.swift; path = AppComponent.swift; sourceTree = "<group>"; };
		E818FCDF25DCEF910035E306 /* RootRouter.swift */ = {isa = PBXFileReference; lastKnownFileType = sourcecode.swift; path = RootRouter.swift; sourceTree = "<group>"; };
		E818FCE025DCEF910035E306 /* RootViewController.swift */ = {isa = PBXFileReference; lastKnownFileType = sourcecode.swift; path = RootViewController.swift; sourceTree = "<group>"; };
		E818FCE125DCEF910035E306 /* RootBuilder.swift */ = {isa = PBXFileReference; lastKnownFileType = sourcecode.swift; path = RootBuilder.swift; sourceTree = "<group>"; };
		E818FCE225DCEF910035E306 /* RootInteractor.swift */ = {isa = PBXFileReference; lastKnownFileType = sourcecode.swift; path = RootInteractor.swift; sourceTree = "<group>"; };
		E818FD2C25DD06860035E306 /* LoggedOutRouter.swift */ = {isa = PBXFileReference; lastKnownFileType = sourcecode.swift; path = LoggedOutRouter.swift; sourceTree = "<group>"; };
		E818FD2D25DD06860035E306 /* LoggedOutViewController.swift */ = {isa = PBXFileReference; lastKnownFileType = sourcecode.swift; path = LoggedOutViewController.swift; sourceTree = "<group>"; };
		E818FD2E25DD06860035E306 /* LoggedOutBuilder.swift */ = {isa = PBXFileReference; lastKnownFileType = sourcecode.swift; path = LoggedOutBuilder.swift; sourceTree = "<group>"; };
		E818FD2F25DD06860035E306 /* LoggedOutInteractor.swift */ = {isa = PBXFileReference; lastKnownFileType = sourcecode.swift; path = LoggedOutInteractor.swift; sourceTree = "<group>"; };
		E818FD3A25DD06B00035E306 /* MainRouter.swift */ = {isa = PBXFileReference; lastKnownFileType = sourcecode.swift; path = MainRouter.swift; sourceTree = "<group>"; };
		E818FD3B25DD06B00035E306 /* MainViewController.swift */ = {isa = PBXFileReference; lastKnownFileType = sourcecode.swift; path = MainViewController.swift; sourceTree = "<group>"; };
		E818FD3C25DD06B00035E306 /* MainBuilder.swift */ = {isa = PBXFileReference; lastKnownFileType = sourcecode.swift; path = MainBuilder.swift; sourceTree = "<group>"; };
		E818FD3D25DD06B00035E306 /* MainInteractor.swift */ = {isa = PBXFileReference; lastKnownFileType = sourcecode.swift; path = MainInteractor.swift; sourceTree = "<group>"; };
		E818FD5525DD0CB30035E306 /* LoggedOutViewController.storyboard */ = {isa = PBXFileReference; lastKnownFileType = file.storyboard; path = LoggedOutViewController.storyboard; sourceTree = "<group>"; };
		E818FDED25DD37250035E306 /* RootLoggedOut.swift */ = {isa = PBXFileReference; lastKnownFileType = sourcecode.swift; path = RootLoggedOut.swift; sourceTree = "<group>"; };
		E818FDFB25DD39390035E306 /* Storyboard.swift */ = {isa = PBXFileReference; lastKnownFileType = sourcecode.swift; path = Storyboard.swift; sourceTree = "<group>"; };
		E818FE0425DD39EC0035E306 /* BaseViewController.swift */ = {isa = PBXFileReference; lastKnownFileType = sourcecode.swift; path = BaseViewController.swift; sourceTree = "<group>"; };
		E818FE0A25DD3FB30035E306 /* UIViewController+Extension.swift */ = {isa = PBXFileReference; lastKnownFileType = sourcecode.swift; path = "UIViewController+Extension.swift"; sourceTree = "<group>"; };
		E818FE4825DD4F1A0035E306 /* PopUpViewController.swift */ = {isa = PBXFileReference; lastKnownFileType = sourcecode.swift; path = PopUpViewController.swift; sourceTree = "<group>"; };
		E818FE4925DD4F1A0035E306 /* PopUpView.xib */ = {isa = PBXFileReference; lastKnownFileType = file.xib; path = PopUpView.xib; sourceTree = "<group>"; };
		E818FE4F25DD673D0035E306 /* PopUpViewController.storyboard */ = {isa = PBXFileReference; lastKnownFileType = file.storyboard; path = PopUpViewController.storyboard; sourceTree = "<group>"; };
		E818FE5425DD694E0035E306 /* PopUpView.swift */ = {isa = PBXFileReference; lastKnownFileType = sourcecode.swift; path = PopUpView.swift; sourceTree = "<group>"; };
		E85469ED25C50EDA0043B4FE /* GoogleService-Info.plist */ = {isa = PBXFileReference; fileEncoding = 4; lastKnownFileType = text.plist.xml; path = "GoogleService-Info.plist"; sourceTree = "<group>"; };
		E87287B425DE8577005575BF /* UINavigationContoller+Extension.swift */ = {isa = PBXFileReference; lastKnownFileType = sourcecode.swift; path = "UINavigationContoller+Extension.swift"; sourceTree = "<group>"; };
		E872880425DEAAEE005575BF /* UIView+Extension.swift */ = {isa = PBXFileReference; lastKnownFileType = sourcecode.swift; path = "UIView+Extension.swift"; sourceTree = "<group>"; };
		E8A1340D25E4B9DA00C7E1EC /* UIApplication+Extension.swift */ = {isa = PBXFileReference; lastKnownFileType = sourcecode.swift; path = "UIApplication+Extension.swift"; sourceTree = "<group>"; };
		E8D3E02225E21AD3008B87FA /* BaseCollectionViewCell.swift */ = {isa = PBXFileReference; lastKnownFileType = sourcecode.swift; path = BaseCollectionViewCell.swift; sourceTree = "<group>"; };
		E910FF1BD6DCD532FEA110AF /* Pods-WoofriendTests.debug.xcconfig */ = {isa = PBXFileReference; includeInIndex = 1; lastKnownFileType = text.xcconfig; name = "Pods-WoofriendTests.debug.xcconfig"; path = "Target Support Files/Pods-WoofriendTests/Pods-WoofriendTests.debug.xcconfig"; sourceTree = "<group>"; };
/* End PBXFileReference section */

/* Begin PBXFrameworksBuildPhase section */
		E80337E225BEBE34008580CA /* Frameworks */ = {
			isa = PBXFrameworksBuildPhase;
			buildActionMask = 2147483647;
			files = (
				35A4C8A51683538D99BEA22A /* Pods_Woofriend.framework in Frameworks */,
			);
			runOnlyForDeploymentPostprocessing = 0;
		};
		E80337FB25BEBE36008580CA /* Frameworks */ = {
			isa = PBXFrameworksBuildPhase;
			buildActionMask = 2147483647;
			files = (
				A3546DC5109591CE2B71DEA9 /* Pods_WoofriendTests.framework in Frameworks */,
			);
			runOnlyForDeploymentPostprocessing = 0;
		};
		E803380625BEBE36008580CA /* Frameworks */ = {
			isa = PBXFrameworksBuildPhase;
			buildActionMask = 2147483647;
			files = (
				FF5931FEF558938C770389A4 /* Pods_Woofriend_WoofriendUITests.framework in Frameworks */,
			);
			runOnlyForDeploymentPostprocessing = 0;
		};
/* End PBXFrameworksBuildPhase section */

/* Begin PBXGroup section */
		001164F4F2A2A852317CF7E5 /* Frameworks */ = {
			isa = PBXGroup;
			children = (
				4ACF9BE9B68669A60F56D031 /* Pods_Woofriend.framework */,
				8923BD98FEC395512C25C622 /* Pods_Woofriend_WoofriendUITests.framework */,
				16B2BAB44279FFF89A09C509 /* Pods_WoofriendTests.framework */,
			);
			name = Frameworks;
			sourceTree = "<group>";
		};
		B8A30D6325FFD05E005466DA /* SignUp */ = {
			isa = PBXGroup;
			children = (
				B8A30D6725FFD0F8005466DA /* SignUpRouter.swift */,
				B8A30D6825FFD0F8005466DA /* SignUpBuilder.swift */,
				B8A30D6925FFD0F8005466DA /* SignUpInteractor.swift */,
				B8A30D9E25FFE00C005466DA /* SignUpComponent+DogName.swift */,
			);
			path = SignUp;
			sourceTree = "<group>";
		};
		B8A30D8825FFD582005466DA /* dog */ = {
			isa = PBXGroup;
			children = (
				B8A30D8925FFD5A0005466DA /* DogNameRouter.swift */,
				B8A30D8A25FFD5A0005466DA /* DogNameViewController.swift */,
				B8A30D8B25FFD5A0005466DA /* DogNameBuilder.swift */,
				B8A30D8C25FFD5A0005466DA /* DogNameInteractor.swift */,
				B8A30D8D25FFD5A0005466DA /* DogNameViewController.xib */,
			);
			path = dog;
			sourceTree = "<group>";
		};
		E2710CCC056B7B8DBB6799D6 /* Pods */ = {
			isa = PBXGroup;
			children = (
				B09272E57C9BFC1751A5BF2D /* Pods-Woofriend.debug.xcconfig */,
				4A5D66928C143E89B1DEC1F5 /* Pods-Woofriend.release.xcconfig */,
				93A5586BE55B323D5A7BC9DC /* Pods-Woofriend-WoofriendUITests.debug.xcconfig */,
				CE33E6A44E5F01F2402DAFCA /* Pods-Woofriend-WoofriendUITests.release.xcconfig */,
				E910FF1BD6DCD532FEA110AF /* Pods-WoofriendTests.debug.xcconfig */,
				1021EC999F8855FD078DF99C /* Pods-WoofriendTests.release.xcconfig */,
			);
			path = Pods;
			sourceTree = "<group>";
		};
		E80337DC25BEBE34008580CA = {
			isa = PBXGroup;
			children = (
				E80337E725BEBE34008580CA /* Woofriend */,
				E803380125BEBE36008580CA /* WoofriendTests */,
				E803380C25BEBE36008580CA /* WoofriendUITests */,
				E80337E625BEBE34008580CA /* Products */,
				E2710CCC056B7B8DBB6799D6 /* Pods */,
				001164F4F2A2A852317CF7E5 /* Frameworks */,
			);
			sourceTree = "<group>";
		};
		E80337E625BEBE34008580CA /* Products */ = {
			isa = PBXGroup;
			children = (
				E80337E525BEBE34008580CA /* Woofriend.app */,
				E80337FE25BEBE36008580CA /* WoofriendTests.xctest */,
				E803380925BEBE36008580CA /* WoofriendUITests.xctest */,
			);
			name = Products;
			sourceTree = "<group>";
		};
		E80337E725BEBE34008580CA /* Woofriend */ = {
			isa = PBXGroup;
			children = (
				E818FE0925DD3F8E0035E306 /* Extension */,
				E818FDF225DD38550035E306 /* Utility */,
				E818FC9925DCE9880035E306 /* AppStart */,
				E818FC8725DCE4B60035E306 /* RIBs */,
				E818FE0325DD39DA0035E306 /* View */,
				E80337F425BEBE36008580CA /* Assets.xcassets */,
				E80337F625BEBE36008580CA /* LaunchScreen.storyboard */,
				E80337F925BEBE36008580CA /* Info.plist */,
				E85469ED25C50EDA0043B4FE /* GoogleService-Info.plist */,
				E80337F125BEBE34008580CA /* woofriend.xcdatamodeld */,
			);
			path = Woofriend;
			sourceTree = "<group>";
		};
		E803380125BEBE36008580CA /* WoofriendTests */ = {
			isa = PBXGroup;
			children = (
				E803380225BEBE36008580CA /* woofriendTests.swift */,
				E803380425BEBE36008580CA /* Info.plist */,
			);
			path = WoofriendTests;
			sourceTree = "<group>";
		};
		E803380C25BEBE36008580CA /* WoofriendUITests */ = {
			isa = PBXGroup;
			children = (
				E803380D25BEBE36008580CA /* woofriendUITests.swift */,
				E803380F25BEBE36008580CA /* Info.plist */,
			);
			path = WoofriendUITests;
			sourceTree = "<group>";
		};
		E818FC8725DCE4B60035E306 /* RIBs */ = {
			isa = PBXGroup;
			children = (
				B8A30D8825FFD582005466DA /* dog */,
				B8A30D6325FFD05E005466DA /* SignUp */,
				E818FC8A25DCE61F0035E306 /* Root */,
				E818FD2325DCF4B70035E306 /* LoggedOut */,
				E818FD2A25DD04540035E306 /* Main */,
			);
			path = RIBs;
			sourceTree = "<group>";
		};
		E818FC8A25DCE61F0035E306 /* Root */ = {
			isa = PBXGroup;
			children = (
				E818FD5B25DD0E1E0035E306 /* Dependency */,
				E818FCDF25DCEF910035E306 /* RootRouter.swift */,
				E818FCE025DCEF910035E306 /* RootViewController.swift */,
				E818FCE125DCEF910035E306 /* RootBuilder.swift */,
				E818FCE225DCEF910035E306 /* RootInteractor.swift */,
			);
			path = Root;
			sourceTree = "<group>";
		};
		E818FC9925DCE9880035E306 /* AppStart */ = {
			isa = PBXGroup;
			children = (
				E80337E825BEBE34008580CA /* AppDelegate.swift */,
				E818FC9A25DCE9A60035E306 /* AppComponent.swift */,
			);
			path = AppStart;
			sourceTree = "<group>";
		};
		E818FD2325DCF4B70035E306 /* LoggedOut */ = {
			isa = PBXGroup;
			children = (
				E818FD2C25DD06860035E306 /* LoggedOutRouter.swift */,
				E818FD2D25DD06860035E306 /* LoggedOutViewController.swift */,
				E818FD2E25DD06860035E306 /* LoggedOutBuilder.swift */,
				E818FD2F25DD06860035E306 /* LoggedOutInteractor.swift */,
				E818FD5525DD0CB30035E306 /* LoggedOutViewController.storyboard */,
				B8A30D8325FFD3F2005466DA /* LoggedOutComponent+SignUp.swift */,
			);
			path = LoggedOut;
			sourceTree = "<group>";
		};
		E818FD2A25DD04540035E306 /* Main */ = {
			isa = PBXGroup;
			children = (
				E818FD3A25DD06B00035E306 /* MainRouter.swift */,
				E818FD3B25DD06B00035E306 /* MainViewController.swift */,
				E818FD3C25DD06B00035E306 /* MainBuilder.swift */,
				E818FD3D25DD06B00035E306 /* MainInteractor.swift */,
			);
			path = Main;
			sourceTree = "<group>";
		};
		E818FD5B25DD0E1E0035E306 /* Dependency */ = {
			isa = PBXGroup;
			children = (
				E818FDED25DD37250035E306 /* RootLoggedOut.swift */,
			);
			path = Dependency;
			sourceTree = "<group>";
		};
		E818FDF225DD38550035E306 /* Utility */ = {
			isa = PBXGroup;
			children = (
				E818FDFB25DD39390035E306 /* Storyboard.swift */,
				E818FE4825DD4F1A0035E306 /* PopUpViewController.swift */,
				E818FE4925DD4F1A0035E306 /* PopUpView.xib */,
				E818FE4F25DD673D0035E306 /* PopUpViewController.storyboard */,
				E818FE5425DD694E0035E306 /* PopUpView.swift */,
			);
			path = Utility;
			sourceTree = "<group>";
		};
		E818FE0325DD39DA0035E306 /* View */ = {
			isa = PBXGroup;
			children = (
				E818FE0425DD39EC0035E306 /* BaseViewController.swift */,
				E8D3E02225E21AD3008B87FA /* BaseCollectionViewCell.swift */,
			);
			path = View;
			sourceTree = "<group>";
		};
		E818FE0925DD3F8E0035E306 /* Extension */ = {
			isa = PBXGroup;
			children = (
				E818FE0A25DD3FB30035E306 /* UIViewController+Extension.swift */,
				E87287B425DE8577005575BF /* UINavigationContoller+Extension.swift */,
				E872880425DEAAEE005575BF /* UIView+Extension.swift */,
				E8A1340D25E4B9DA00C7E1EC /* UIApplication+Extension.swift */,
			);
			path = Extension;
			sourceTree = "<group>";
		};
/* End PBXGroup section */

/* Begin PBXNativeTarget section */
		E80337E425BEBE34008580CA /* Woofriend */ = {
			isa = PBXNativeTarget;
			buildConfigurationList = E803381225BEBE36008580CA /* Build configuration list for PBXNativeTarget "Woofriend" */;
			buildPhases = (
				471665A54EFCDFEC2F03344F /* [CP] Check Pods Manifest.lock */,
				E80337E125BEBE34008580CA /* Sources */,
				E80337E225BEBE34008580CA /* Frameworks */,
				E80337E325BEBE34008580CA /* Resources */,
				18408917F1774F422D30C247 /* [CP] Embed Pods Frameworks */,
			);
			buildRules = (
			);
			dependencies = (
			);
			name = Woofriend;
			productName = woofriend;
			productReference = E80337E525BEBE34008580CA /* Woofriend.app */;
			productType = "com.apple.product-type.application";
		};
		E80337FD25BEBE36008580CA /* WoofriendTests */ = {
			isa = PBXNativeTarget;
			buildConfigurationList = E803381525BEBE36008580CA /* Build configuration list for PBXNativeTarget "WoofriendTests" */;
			buildPhases = (
				76B30F7636C78B52BAAB70FA /* [CP] Check Pods Manifest.lock */,
				E80337FA25BEBE36008580CA /* Sources */,
				E80337FB25BEBE36008580CA /* Frameworks */,
				E80337FC25BEBE36008580CA /* Resources */,
				E8171814D0065CE4EEDFDD37 /* [CP] Embed Pods Frameworks */,
			);
			buildRules = (
			);
			dependencies = (
				E803380025BEBE36008580CA /* PBXTargetDependency */,
			);
			name = WoofriendTests;
			productName = woofriendTests;
			productReference = E80337FE25BEBE36008580CA /* WoofriendTests.xctest */;
			productType = "com.apple.product-type.bundle.unit-test";
		};
		E803380825BEBE36008580CA /* WoofriendUITests */ = {
			isa = PBXNativeTarget;
			buildConfigurationList = E803381825BEBE36008580CA /* Build configuration list for PBXNativeTarget "WoofriendUITests" */;
			buildPhases = (
				6891AC7597E8E08300D861A1 /* [CP] Check Pods Manifest.lock */,
				E803380525BEBE36008580CA /* Sources */,
				E803380625BEBE36008580CA /* Frameworks */,
				E803380725BEBE36008580CA /* Resources */,
				14A0A81EDB9E3645AA48AE38 /* [CP] Embed Pods Frameworks */,
			);
			buildRules = (
			);
			dependencies = (
				E803380B25BEBE36008580CA /* PBXTargetDependency */,
			);
			name = WoofriendUITests;
			productName = woofriendUITests;
			productReference = E803380925BEBE36008580CA /* WoofriendUITests.xctest */;
			productType = "com.apple.product-type.bundle.ui-testing";
		};
/* End PBXNativeTarget section */

/* Begin PBXProject section */
		E80337DD25BEBE34008580CA /* Project object */ = {
			isa = PBXProject;
			attributes = {
				LastSwiftUpdateCheck = 1230;
				LastUpgradeCheck = 1230;
				TargetAttributes = {
					E80337E425BEBE34008580CA = {
						CreatedOnToolsVersion = 12.3;
					};
					E80337FD25BEBE36008580CA = {
						CreatedOnToolsVersion = 12.3;
						TestTargetID = E80337E425BEBE34008580CA;
					};
					E803380825BEBE36008580CA = {
						CreatedOnToolsVersion = 12.3;
						TestTargetID = E80337E425BEBE34008580CA;
					};
				};
			};
			buildConfigurationList = E80337E025BEBE34008580CA /* Build configuration list for PBXProject "Woofriend" */;
			compatibilityVersion = "Xcode 9.3";
			developmentRegion = en;
			hasScannedForEncodings = 0;
			knownRegions = (
				en,
				Base,
			);
			mainGroup = E80337DC25BEBE34008580CA;
			productRefGroup = E80337E625BEBE34008580CA /* Products */;
			projectDirPath = "";
			projectRoot = "";
			targets = (
				E80337E425BEBE34008580CA /* Woofriend */,
				E80337FD25BEBE36008580CA /* WoofriendTests */,
				E803380825BEBE36008580CA /* WoofriendUITests */,
			);
		};
/* End PBXProject section */

/* Begin PBXResourcesBuildPhase section */
		E80337E325BEBE34008580CA /* Resources */ = {
			isa = PBXResourcesBuildPhase;
			buildActionMask = 2147483647;
			files = (
				E80337F825BEBE36008580CA /* LaunchScreen.storyboard in Resources */,
				E818FE4B25DD4F1A0035E306 /* PopUpView.xib in Resources */,
				E818FE5025DD673D0035E306 /* PopUpViewController.storyboard in Resources */,
				E85469EE25C50EDA0043B4FE /* GoogleService-Info.plist in Resources */,
				E818FD5625DD0CB30035E306 /* LoggedOutViewController.storyboard in Resources */,
				E80337F525BEBE36008580CA /* Assets.xcassets in Resources */,
				B8A30D9225FFD5A0005466DA /* DogNameViewController.xib in Resources */,
			);
			runOnlyForDeploymentPostprocessing = 0;
		};
		E80337FC25BEBE36008580CA /* Resources */ = {
			isa = PBXResourcesBuildPhase;
			buildActionMask = 2147483647;
			files = (
			);
			runOnlyForDeploymentPostprocessing = 0;
		};
		E803380725BEBE36008580CA /* Resources */ = {
			isa = PBXResourcesBuildPhase;
			buildActionMask = 2147483647;
			files = (
			);
			runOnlyForDeploymentPostprocessing = 0;
		};
/* End PBXResourcesBuildPhase section */

/* Begin PBXShellScriptBuildPhase section */
		14A0A81EDB9E3645AA48AE38 /* [CP] Embed Pods Frameworks */ = {
			isa = PBXShellScriptBuildPhase;
			buildActionMask = 2147483647;
			files = (
			);
			inputFileListPaths = (
				"${PODS_ROOT}/Target Support Files/Pods-Woofriend-WoofriendUITests/Pods-Woofriend-WoofriendUITests-frameworks-${CONFIGURATION}-input-files.xcfilelist",
			);
			name = "[CP] Embed Pods Frameworks";
			outputFileListPaths = (
				"${PODS_ROOT}/Target Support Files/Pods-Woofriend-WoofriendUITests/Pods-Woofriend-WoofriendUITests-frameworks-${CONFIGURATION}-output-files.xcfilelist",
			);
			runOnlyForDeploymentPostprocessing = 0;
			shellPath = /bin/sh;
			shellScript = "\"${PODS_ROOT}/Target Support Files/Pods-Woofriend-WoofriendUITests/Pods-Woofriend-WoofriendUITests-frameworks.sh\"\n";
			showEnvVarsInLog = 0;
		};
		18408917F1774F422D30C247 /* [CP] Embed Pods Frameworks */ = {
			isa = PBXShellScriptBuildPhase;
			buildActionMask = 2147483647;
			files = (
			);
			inputFileListPaths = (
				"${PODS_ROOT}/Target Support Files/Pods-Woofriend/Pods-Woofriend-frameworks-${CONFIGURATION}-input-files.xcfilelist",
			);
			name = "[CP] Embed Pods Frameworks";
			outputFileListPaths = (
				"${PODS_ROOT}/Target Support Files/Pods-Woofriend/Pods-Woofriend-frameworks-${CONFIGURATION}-output-files.xcfilelist",
			);
			runOnlyForDeploymentPostprocessing = 0;
			shellPath = /bin/sh;
			shellScript = "\"${PODS_ROOT}/Target Support Files/Pods-Woofriend/Pods-Woofriend-frameworks.sh\"\n";
			showEnvVarsInLog = 0;
		};
		471665A54EFCDFEC2F03344F /* [CP] Check Pods Manifest.lock */ = {
			isa = PBXShellScriptBuildPhase;
			buildActionMask = 2147483647;
			files = (
			);
			inputFileListPaths = (
			);
			inputPaths = (
				"${PODS_PODFILE_DIR_PATH}/Podfile.lock",
				"${PODS_ROOT}/Manifest.lock",
			);
			name = "[CP] Check Pods Manifest.lock";
			outputFileListPaths = (
			);
			outputPaths = (
				"$(DERIVED_FILE_DIR)/Pods-Woofriend-checkManifestLockResult.txt",
			);
			runOnlyForDeploymentPostprocessing = 0;
			shellPath = /bin/sh;
			shellScript = "diff \"${PODS_PODFILE_DIR_PATH}/Podfile.lock\" \"${PODS_ROOT}/Manifest.lock\" > /dev/null\nif [ $? != 0 ] ; then\n    # print error to STDERR\n    echo \"error: The sandbox is not in sync with the Podfile.lock. Run 'pod install' or update your CocoaPods installation.\" >&2\n    exit 1\nfi\n# This output is used by Xcode 'outputs' to avoid re-running this script phase.\necho \"SUCCESS\" > \"${SCRIPT_OUTPUT_FILE_0}\"\n";
			showEnvVarsInLog = 0;
		};
		6891AC7597E8E08300D861A1 /* [CP] Check Pods Manifest.lock */ = {
			isa = PBXShellScriptBuildPhase;
			buildActionMask = 2147483647;
			files = (
			);
			inputFileListPaths = (
			);
			inputPaths = (
				"${PODS_PODFILE_DIR_PATH}/Podfile.lock",
				"${PODS_ROOT}/Manifest.lock",
			);
			name = "[CP] Check Pods Manifest.lock";
			outputFileListPaths = (
			);
			outputPaths = (
				"$(DERIVED_FILE_DIR)/Pods-Woofriend-WoofriendUITests-checkManifestLockResult.txt",
			);
			runOnlyForDeploymentPostprocessing = 0;
			shellPath = /bin/sh;
			shellScript = "diff \"${PODS_PODFILE_DIR_PATH}/Podfile.lock\" \"${PODS_ROOT}/Manifest.lock\" > /dev/null\nif [ $? != 0 ] ; then\n    # print error to STDERR\n    echo \"error: The sandbox is not in sync with the Podfile.lock. Run 'pod install' or update your CocoaPods installation.\" >&2\n    exit 1\nfi\n# This output is used by Xcode 'outputs' to avoid re-running this script phase.\necho \"SUCCESS\" > \"${SCRIPT_OUTPUT_FILE_0}\"\n";
			showEnvVarsInLog = 0;
		};
		76B30F7636C78B52BAAB70FA /* [CP] Check Pods Manifest.lock */ = {
			isa = PBXShellScriptBuildPhase;
			buildActionMask = 2147483647;
			files = (
			);
			inputFileListPaths = (
			);
			inputPaths = (
				"${PODS_PODFILE_DIR_PATH}/Podfile.lock",
				"${PODS_ROOT}/Manifest.lock",
			);
			name = "[CP] Check Pods Manifest.lock";
			outputFileListPaths = (
			);
			outputPaths = (
				"$(DERIVED_FILE_DIR)/Pods-WoofriendTests-checkManifestLockResult.txt",
			);
			runOnlyForDeploymentPostprocessing = 0;
			shellPath = /bin/sh;
			shellScript = "diff \"${PODS_PODFILE_DIR_PATH}/Podfile.lock\" \"${PODS_ROOT}/Manifest.lock\" > /dev/null\nif [ $? != 0 ] ; then\n    # print error to STDERR\n    echo \"error: The sandbox is not in sync with the Podfile.lock. Run 'pod install' or update your CocoaPods installation.\" >&2\n    exit 1\nfi\n# This output is used by Xcode 'outputs' to avoid re-running this script phase.\necho \"SUCCESS\" > \"${SCRIPT_OUTPUT_FILE_0}\"\n";
			showEnvVarsInLog = 0;
		};
		E8171814D0065CE4EEDFDD37 /* [CP] Embed Pods Frameworks */ = {
			isa = PBXShellScriptBuildPhase;
			buildActionMask = 2147483647;
			files = (
			);
			inputFileListPaths = (
				"${PODS_ROOT}/Target Support Files/Pods-WoofriendTests/Pods-WoofriendTests-frameworks-${CONFIGURATION}-input-files.xcfilelist",
			);
			name = "[CP] Embed Pods Frameworks";
			outputFileListPaths = (
				"${PODS_ROOT}/Target Support Files/Pods-WoofriendTests/Pods-WoofriendTests-frameworks-${CONFIGURATION}-output-files.xcfilelist",
			);
			runOnlyForDeploymentPostprocessing = 0;
			shellPath = /bin/sh;
			shellScript = "\"${PODS_ROOT}/Target Support Files/Pods-WoofriendTests/Pods-WoofriendTests-frameworks.sh\"\n";
			showEnvVarsInLog = 0;
		};
/* End PBXShellScriptBuildPhase section */

/* Begin PBXSourcesBuildPhase section */
		E80337E125BEBE34008580CA /* Sources */ = {
			isa = PBXSourcesBuildPhase;
			buildActionMask = 2147483647;
			files = (
				E818FE5525DD694E0035E306 /* PopUpView.swift in Sources */,
				E818FD3325DD06860035E306 /* LoggedOutInteractor.swift in Sources */,
				E818FD3F25DD06B00035E306 /* MainViewController.swift in Sources */,
				B8A30D9F25FFE00C005466DA /* SignUpComponent+DogName.swift in Sources */,
				E8A1340E25E4B9DA00C7E1EC /* UIApplication+Extension.swift in Sources */,
				B8A30D8E25FFD5A0005466DA /* DogNameRouter.swift in Sources */,
				E818FCE425DCEF910035E306 /* RootViewController.swift in Sources */,
				E818FCE325DCEF910035E306 /* RootRouter.swift in Sources */,
				E818FD3225DD06860035E306 /* LoggedOutBuilder.swift in Sources */,
				E818FE0525DD39EC0035E306 /* BaseViewController.swift in Sources */,
				B8A30D6A25FFD0F8005466DA /* SignUpRouter.swift in Sources */,
				E818FCE625DCEF910035E306 /* RootInteractor.swift in Sources */,
				E818FD3E25DD06B00035E306 /* MainRouter.swift in Sources */,
				E818FE0B25DD3FB30035E306 /* UIViewController+Extension.swift in Sources */,
				E872880525DEAAEE005575BF /* UIView+Extension.swift in Sources */,
				E818FD3025DD06860035E306 /* LoggedOutRouter.swift in Sources */,
				E818FD4125DD06B00035E306 /* MainInteractor.swift in Sources */,
				E818FC9B25DCE9A60035E306 /* AppComponent.swift in Sources */,
				B8A30D9025FFD5A0005466DA /* DogNameBuilder.swift in Sources */,
				E80337E925BEBE34008580CA /* AppDelegate.swift in Sources */,
				B8A30D8425FFD3F2005466DA /* LoggedOutComponent+SignUp.swift in Sources */,
				E818FD4025DD06B00035E306 /* MainBuilder.swift in Sources */,
				E818FDEE25DD37250035E306 /* RootLoggedOut.swift in Sources */,
				E818FE4A25DD4F1A0035E306 /* PopUpViewController.swift in Sources */,
				B8A30D6B25FFD0F8005466DA /* SignUpBuilder.swift in Sources */,
				E80337F325BEBE34008580CA /* woofriend.xcdatamodeld in Sources */,
				E87287B525DE8577005575BF /* UINavigationContoller+Extension.swift in Sources */,
				E818FD3125DD06860035E306 /* LoggedOutViewController.swift in Sources */,
				E818FDFC25DD39390035E306 /* Storyboard.swift in Sources */,
				E818FCE525DCEF910035E306 /* RootBuilder.swift in Sources */,
				B8A30D6C25FFD0F8005466DA /* SignUpInteractor.swift in Sources */,
				B8A30D8F25FFD5A0005466DA /* DogNameViewController.swift in Sources */,
				B8A30D9125FFD5A0005466DA /* DogNameInteractor.swift in Sources */,
				E8D3E02325E21AD3008B87FA /* BaseCollectionViewCell.swift in Sources */,
			);
			runOnlyForDeploymentPostprocessing = 0;
		};
		E80337FA25BEBE36008580CA /* Sources */ = {
			isa = PBXSourcesBuildPhase;
			buildActionMask = 2147483647;
			files = (
				E803380325BEBE36008580CA /* woofriendTests.swift in Sources */,
			);
			runOnlyForDeploymentPostprocessing = 0;
		};
		E803380525BEBE36008580CA /* Sources */ = {
			isa = PBXSourcesBuildPhase;
			buildActionMask = 2147483647;
			files = (
				E803380E25BEBE36008580CA /* woofriendUITests.swift in Sources */,
			);
			runOnlyForDeploymentPostprocessing = 0;
		};
/* End PBXSourcesBuildPhase section */

/* Begin PBXTargetDependency section */
		E803380025BEBE36008580CA /* PBXTargetDependency */ = {
			isa = PBXTargetDependency;
			target = E80337E425BEBE34008580CA /* Woofriend */;
			targetProxy = E80337FF25BEBE36008580CA /* PBXContainerItemProxy */;
		};
		E803380B25BEBE36008580CA /* PBXTargetDependency */ = {
			isa = PBXTargetDependency;
			target = E80337E425BEBE34008580CA /* Woofriend */;
			targetProxy = E803380A25BEBE36008580CA /* PBXContainerItemProxy */;
		};
/* End PBXTargetDependency section */

/* Begin PBXVariantGroup section */
		E80337F625BEBE36008580CA /* LaunchScreen.storyboard */ = {
			isa = PBXVariantGroup;
			children = (
				E80337F725BEBE36008580CA /* Base */,
			);
			name = LaunchScreen.storyboard;
			sourceTree = "<group>";
		};
/* End PBXVariantGroup section */

/* Begin XCBuildConfiguration section */
		E803381025BEBE36008580CA /* Debug */ = {
			isa = XCBuildConfiguration;
			buildSettings = {
				ALWAYS_SEARCH_USER_PATHS = NO;
				CLANG_ANALYZER_NONNULL = YES;
				CLANG_ANALYZER_NUMBER_OBJECT_CONVERSION = YES_AGGRESSIVE;
				CLANG_CXX_LANGUAGE_STANDARD = "gnu++14";
				CLANG_CXX_LIBRARY = "libc++";
				CLANG_ENABLE_MODULES = YES;
				CLANG_ENABLE_OBJC_ARC = YES;
				CLANG_ENABLE_OBJC_WEAK = YES;
				CLANG_WARN_BLOCK_CAPTURE_AUTORELEASING = YES;
				CLANG_WARN_BOOL_CONVERSION = YES;
				CLANG_WARN_COMMA = YES;
				CLANG_WARN_CONSTANT_CONVERSION = YES;
				CLANG_WARN_DEPRECATED_OBJC_IMPLEMENTATIONS = YES;
				CLANG_WARN_DIRECT_OBJC_ISA_USAGE = YES_ERROR;
				CLANG_WARN_DOCUMENTATION_COMMENTS = YES;
				CLANG_WARN_EMPTY_BODY = YES;
				CLANG_WARN_ENUM_CONVERSION = YES;
				CLANG_WARN_INFINITE_RECURSION = YES;
				CLANG_WARN_INT_CONVERSION = YES;
				CLANG_WARN_NON_LITERAL_NULL_CONVERSION = YES;
				CLANG_WARN_OBJC_IMPLICIT_RETAIN_SELF = YES;
				CLANG_WARN_OBJC_LITERAL_CONVERSION = YES;
				CLANG_WARN_OBJC_ROOT_CLASS = YES_ERROR;
				CLANG_WARN_QUOTED_INCLUDE_IN_FRAMEWORK_HEADER = YES;
				CLANG_WARN_RANGE_LOOP_ANALYSIS = YES;
				CLANG_WARN_STRICT_PROTOTYPES = YES;
				CLANG_WARN_SUSPICIOUS_MOVE = YES;
				CLANG_WARN_UNGUARDED_AVAILABILITY = YES_AGGRESSIVE;
				CLANG_WARN_UNREACHABLE_CODE = YES;
				CLANG_WARN__DUPLICATE_METHOD_MATCH = YES;
				COPY_PHASE_STRIP = NO;
				DEBUG_INFORMATION_FORMAT = dwarf;
				ENABLE_STRICT_OBJC_MSGSEND = YES;
				ENABLE_TESTABILITY = YES;
				GCC_C_LANGUAGE_STANDARD = gnu11;
				GCC_DYNAMIC_NO_PIC = NO;
				GCC_NO_COMMON_BLOCKS = YES;
				GCC_OPTIMIZATION_LEVEL = 0;
				GCC_PREPROCESSOR_DEFINITIONS = (
					"DEBUG=1",
					"$(inherited)",
				);
				GCC_WARN_64_TO_32_BIT_CONVERSION = YES;
				GCC_WARN_ABOUT_RETURN_TYPE = YES_ERROR;
				GCC_WARN_UNDECLARED_SELECTOR = YES;
				GCC_WARN_UNINITIALIZED_AUTOS = YES_AGGRESSIVE;
				GCC_WARN_UNUSED_FUNCTION = YES;
				GCC_WARN_UNUSED_VARIABLE = YES;
				IPHONEOS_DEPLOYMENT_TARGET = 14.3;
				MTL_ENABLE_DEBUG_INFO = INCLUDE_SOURCE;
				MTL_FAST_MATH = YES;
				ONLY_ACTIVE_ARCH = YES;
				SDKROOT = iphoneos;
				SWIFT_ACTIVE_COMPILATION_CONDITIONS = DEBUG;
				SWIFT_OPTIMIZATION_LEVEL = "-Onone";
			};
			name = Debug;
		};
		E803381125BEBE36008580CA /* Release */ = {
			isa = XCBuildConfiguration;
			buildSettings = {
				ALWAYS_SEARCH_USER_PATHS = NO;
				CLANG_ANALYZER_NONNULL = YES;
				CLANG_ANALYZER_NUMBER_OBJECT_CONVERSION = YES_AGGRESSIVE;
				CLANG_CXX_LANGUAGE_STANDARD = "gnu++14";
				CLANG_CXX_LIBRARY = "libc++";
				CLANG_ENABLE_MODULES = YES;
				CLANG_ENABLE_OBJC_ARC = YES;
				CLANG_ENABLE_OBJC_WEAK = YES;
				CLANG_WARN_BLOCK_CAPTURE_AUTORELEASING = YES;
				CLANG_WARN_BOOL_CONVERSION = YES;
				CLANG_WARN_COMMA = YES;
				CLANG_WARN_CONSTANT_CONVERSION = YES;
				CLANG_WARN_DEPRECATED_OBJC_IMPLEMENTATIONS = YES;
				CLANG_WARN_DIRECT_OBJC_ISA_USAGE = YES_ERROR;
				CLANG_WARN_DOCUMENTATION_COMMENTS = YES;
				CLANG_WARN_EMPTY_BODY = YES;
				CLANG_WARN_ENUM_CONVERSION = YES;
				CLANG_WARN_INFINITE_RECURSION = YES;
				CLANG_WARN_INT_CONVERSION = YES;
				CLANG_WARN_NON_LITERAL_NULL_CONVERSION = YES;
				CLANG_WARN_OBJC_IMPLICIT_RETAIN_SELF = YES;
				CLANG_WARN_OBJC_LITERAL_CONVERSION = YES;
				CLANG_WARN_OBJC_ROOT_CLASS = YES_ERROR;
				CLANG_WARN_QUOTED_INCLUDE_IN_FRAMEWORK_HEADER = YES;
				CLANG_WARN_RANGE_LOOP_ANALYSIS = YES;
				CLANG_WARN_STRICT_PROTOTYPES = YES;
				CLANG_WARN_SUSPICIOUS_MOVE = YES;
				CLANG_WARN_UNGUARDED_AVAILABILITY = YES_AGGRESSIVE;
				CLANG_WARN_UNREACHABLE_CODE = YES;
				CLANG_WARN__DUPLICATE_METHOD_MATCH = YES;
				COPY_PHASE_STRIP = NO;
				DEBUG_INFORMATION_FORMAT = "dwarf-with-dsym";
				ENABLE_NS_ASSERTIONS = NO;
				ENABLE_STRICT_OBJC_MSGSEND = YES;
				GCC_C_LANGUAGE_STANDARD = gnu11;
				GCC_NO_COMMON_BLOCKS = YES;
				GCC_WARN_64_TO_32_BIT_CONVERSION = YES;
				GCC_WARN_ABOUT_RETURN_TYPE = YES_ERROR;
				GCC_WARN_UNDECLARED_SELECTOR = YES;
				GCC_WARN_UNINITIALIZED_AUTOS = YES_AGGRESSIVE;
				GCC_WARN_UNUSED_FUNCTION = YES;
				GCC_WARN_UNUSED_VARIABLE = YES;
				IPHONEOS_DEPLOYMENT_TARGET = 14.3;
				MTL_ENABLE_DEBUG_INFO = NO;
				MTL_FAST_MATH = YES;
				SDKROOT = iphoneos;
				SWIFT_COMPILATION_MODE = wholemodule;
				SWIFT_OPTIMIZATION_LEVEL = "-O";
				VALIDATE_PRODUCT = YES;
			};
			name = Release;
		};
		E803381325BEBE36008580CA /* Debug */ = {
			isa = XCBuildConfiguration;
			baseConfigurationReference = B09272E57C9BFC1751A5BF2D /* Pods-Woofriend.debug.xcconfig */;
			buildSettings = {
				ASSETCATALOG_COMPILER_APPICON_NAME = AppIcon;
				ASSETCATALOG_COMPILER_GLOBAL_ACCENT_COLOR_NAME = AccentColor;
				CODE_SIGN_STYLE = Automatic;
				DEVELOPMENT_TEAM = 4693VAH9ZM;
				INFOPLIST_FILE = woofriend/Info.plist;
				IPHONEOS_DEPLOYMENT_TARGET = 13.0;
				LD_RUNPATH_SEARCH_PATHS = (
					"$(inherited)",
					"@executable_path/Frameworks",
				);
				MARKETING_VERSION = 1.0.0;
				PRODUCT_BUNDLE_IDENTIFIER = com.depromeet.woofriend;
				PRODUCT_NAME = "$(TARGET_NAME)";
				SWIFT_VERSION = 5.0;
				TARGETED_DEVICE_FAMILY = 1;
			};
			name = Debug;
		};
		E803381425BEBE36008580CA /* Release */ = {
			isa = XCBuildConfiguration;
			baseConfigurationReference = 4A5D66928C143E89B1DEC1F5 /* Pods-Woofriend.release.xcconfig */;
			buildSettings = {
				ASSETCATALOG_COMPILER_APPICON_NAME = AppIcon;
				ASSETCATALOG_COMPILER_GLOBAL_ACCENT_COLOR_NAME = AccentColor;
				CODE_SIGN_STYLE = Automatic;
				DEVELOPMENT_TEAM = 4693VAH9ZM;
				INFOPLIST_FILE = woofriend/Info.plist;
				IPHONEOS_DEPLOYMENT_TARGET = 13.0;
				LD_RUNPATH_SEARCH_PATHS = (
					"$(inherited)",
					"@executable_path/Frameworks",
				);
				MARKETING_VERSION = 1.0.0;
				PRODUCT_BUNDLE_IDENTIFIER = com.depromeet.woofriend;
				PRODUCT_NAME = "$(TARGET_NAME)";
				SWIFT_VERSION = 5.0;
				TARGETED_DEVICE_FAMILY = 1;
			};
			name = Release;
		};
		E803381625BEBE36008580CA /* Debug */ = {
			isa = XCBuildConfiguration;
			baseConfigurationReference = E910FF1BD6DCD532FEA110AF /* Pods-WoofriendTests.debug.xcconfig */;
			buildSettings = {
				ALWAYS_EMBED_SWIFT_STANDARD_LIBRARIES = YES;
				BUNDLE_LOADER = "$(TEST_HOST)";
				CODE_SIGN_STYLE = Automatic;
				DEVELOPMENT_TEAM = 4693VAH9ZM;
				INFOPLIST_FILE = woofriendTests/Info.plist;
				IPHONEOS_DEPLOYMENT_TARGET = 14.3;
				LD_RUNPATH_SEARCH_PATHS = (
					"$(inherited)",
					"@executable_path/Frameworks",
					"@loader_path/Frameworks",
				);
				PRODUCT_BUNDLE_IDENTIFIER = com.depromeet.woofriend.woofriendTests;
				PRODUCT_NAME = "$(TARGET_NAME)";
				SWIFT_VERSION = 5.0;
				TARGETED_DEVICE_FAMILY = "1,2";
				TEST_HOST = "$(BUILT_PRODUCTS_DIR)/Woofriend.app/Woofriend";
			};
			name = Debug;
		};
		E803381725BEBE36008580CA /* Release */ = {
			isa = XCBuildConfiguration;
			baseConfigurationReference = 1021EC999F8855FD078DF99C /* Pods-WoofriendTests.release.xcconfig */;
			buildSettings = {
				ALWAYS_EMBED_SWIFT_STANDARD_LIBRARIES = YES;
				BUNDLE_LOADER = "$(TEST_HOST)";
				CODE_SIGN_STYLE = Automatic;
				DEVELOPMENT_TEAM = 4693VAH9ZM;
				INFOPLIST_FILE = woofriendTests/Info.plist;
				IPHONEOS_DEPLOYMENT_TARGET = 14.3;
				LD_RUNPATH_SEARCH_PATHS = (
					"$(inherited)",
					"@executable_path/Frameworks",
					"@loader_path/Frameworks",
				);
				PRODUCT_BUNDLE_IDENTIFIER = com.depromeet.woofriend.woofriendTests;
				PRODUCT_NAME = "$(TARGET_NAME)";
				SWIFT_VERSION = 5.0;
				TARGETED_DEVICE_FAMILY = "1,2";
				TEST_HOST = "$(BUILT_PRODUCTS_DIR)/Woofriend.app/Woofriend";
			};
			name = Release;
		};
		E803381925BEBE36008580CA /* Debug */ = {
			isa = XCBuildConfiguration;
			baseConfigurationReference = 93A5586BE55B323D5A7BC9DC /* Pods-Woofriend-WoofriendUITests.debug.xcconfig */;
			buildSettings = {
				ALWAYS_EMBED_SWIFT_STANDARD_LIBRARIES = YES;
				CODE_SIGN_STYLE = Automatic;
				DEVELOPMENT_TEAM = 4693VAH9ZM;
				INFOPLIST_FILE = woofriendUITests/Info.plist;
				LD_RUNPATH_SEARCH_PATHS = (
					"$(inherited)",
					"@executable_path/Frameworks",
					"@loader_path/Frameworks",
				);
				PRODUCT_BUNDLE_IDENTIFIER = com.depromeet.woofriend.woofriendUITests;
				PRODUCT_NAME = "$(TARGET_NAME)";
				SWIFT_VERSION = 5.0;
				TARGETED_DEVICE_FAMILY = "1,2";
				TEST_TARGET_NAME = woofriend;
			};
			name = Debug;
		};
		E803381A25BEBE36008580CA /* Release */ = {
			isa = XCBuildConfiguration;
			baseConfigurationReference = CE33E6A44E5F01F2402DAFCA /* Pods-Woofriend-WoofriendUITests.release.xcconfig */;
			buildSettings = {
				ALWAYS_EMBED_SWIFT_STANDARD_LIBRARIES = YES;
				CODE_SIGN_STYLE = Automatic;
				DEVELOPMENT_TEAM = 4693VAH9ZM;
				INFOPLIST_FILE = woofriendUITests/Info.plist;
				LD_RUNPATH_SEARCH_PATHS = (
					"$(inherited)",
					"@executable_path/Frameworks",
					"@loader_path/Frameworks",
				);
				PRODUCT_BUNDLE_IDENTIFIER = com.depromeet.woofriend.woofriendUITests;
				PRODUCT_NAME = "$(TARGET_NAME)";
				SWIFT_VERSION = 5.0;
				TARGETED_DEVICE_FAMILY = "1,2";
				TEST_TARGET_NAME = woofriend;
			};
			name = Release;
		};
/* End XCBuildConfiguration section */

/* Begin XCConfigurationList section */
		E80337E025BEBE34008580CA /* Build configuration list for PBXProject "Woofriend" */ = {
			isa = XCConfigurationList;
			buildConfigurations = (
				E803381025BEBE36008580CA /* Debug */,
				E803381125BEBE36008580CA /* Release */,
			);
			defaultConfigurationIsVisible = 0;
			defaultConfigurationName = Release;
		};
		E803381225BEBE36008580CA /* Build configuration list for PBXNativeTarget "Woofriend" */ = {
			isa = XCConfigurationList;
			buildConfigurations = (
				E803381325BEBE36008580CA /* Debug */,
				E803381425BEBE36008580CA /* Release */,
			);
			defaultConfigurationIsVisible = 0;
			defaultConfigurationName = Release;
		};
		E803381525BEBE36008580CA /* Build configuration list for PBXNativeTarget "WoofriendTests" */ = {
			isa = XCConfigurationList;
			buildConfigurations = (
				E803381625BEBE36008580CA /* Debug */,
				E803381725BEBE36008580CA /* Release */,
			);
			defaultConfigurationIsVisible = 0;
			defaultConfigurationName = Release;
		};
		E803381825BEBE36008580CA /* Build configuration list for PBXNativeTarget "WoofriendUITests" */ = {
			isa = XCConfigurationList;
			buildConfigurations = (
				E803381925BEBE36008580CA /* Debug */,
				E803381A25BEBE36008580CA /* Release */,
			);
			defaultConfigurationIsVisible = 0;
			defaultConfigurationName = Release;
		};
/* End XCConfigurationList section */

/* Begin XCVersionGroup section */
		E80337F125BEBE34008580CA /* woofriend.xcdatamodeld */ = {
			isa = XCVersionGroup;
			children = (
				E80337F225BEBE34008580CA /* woofriend.xcdatamodel */,
			);
			currentVersion = E80337F225BEBE34008580CA /* woofriend.xcdatamodel */;
			path = woofriend.xcdatamodeld;
			sourceTree = "<group>";
			versionGroupType = wrapper.xcdatamodel;
		};
/* End XCVersionGroup section */
	};
	rootObject = E80337DD25BEBE34008580CA /* Project object */;
}
