// !$*UTF8*$!
{
	archiveVersion = 1;
	classes = {
	};
	objectVersion = 51;
	objects = {

/* Begin PBXBuildFile section */
		516E5EB803959A1A9A0790D7 /* libPods-Woofriend-WoofriendUITests.a in Frameworks */ = {isa = PBXBuildFile; fileRef = 48FAA74292C2A29EC8486AF7 /* libPods-Woofriend-WoofriendUITests.a */; };
		76EE2F2D6CB4FD8C32B9CC4F /* libPods-Woofriend.a in Frameworks */ = {isa = PBXBuildFile; fileRef = 7609B4FF6F81E048E30762B0 /* libPods-Woofriend.a */; };
		98B2DA41D654AA6EC7C40C06 /* libPods-WoofriendTests.a in Frameworks */ = {isa = PBXBuildFile; fileRef = 46A6B061731BBDA82E7E5CE0 /* libPods-WoofriendTests.a */; };
		E80337E925BEBE34008580CA /* AppDelegate.swift in Sources */ = {isa = PBXBuildFile; fileRef = E80337E825BEBE34008580CA /* AppDelegate.swift */; };
		E80337F325BEBE34008580CA /* woofriend.xcdatamodeld in Sources */ = {isa = PBXBuildFile; fileRef = E80337F125BEBE34008580CA /* woofriend.xcdatamodeld */; };
		E80337F525BEBE36008580CA /* Assets.xcassets in Resources */ = {isa = PBXBuildFile; fileRef = E80337F425BEBE36008580CA /* Assets.xcassets */; };
		E80337F825BEBE36008580CA /* LaunchScreen.storyboard in Resources */ = {isa = PBXBuildFile; fileRef = E80337F625BEBE36008580CA /* LaunchScreen.storyboard */; };
		E803380325BEBE36008580CA /* woofriendTests.swift in Sources */ = {isa = PBXBuildFile; fileRef = E803380225BEBE36008580CA /* woofriendTests.swift */; };
		E803380E25BEBE36008580CA /* woofriendUITests.swift in Sources */ = {isa = PBXBuildFile; fileRef = E803380D25BEBE36008580CA /* woofriendUITests.swift */; };
		E80546E126010ECF008912B4 /* DogAttitude.swift in Sources */ = {isa = PBXBuildFile; fileRef = E80546E026010ECF008912B4 /* DogAttitude.swift */; };
		E818FC9B25DCE9A60035E306 /* AppComponent.swift in Sources */ = {isa = PBXBuildFile; fileRef = E818FC9A25DCE9A60035E306 /* AppComponent.swift */; };
		E818FCE325DCEF910035E306 /* RootRouter.swift in Sources */ = {isa = PBXBuildFile; fileRef = E818FCDF25DCEF910035E306 /* RootRouter.swift */; };
		E818FCE425DCEF910035E306 /* RootViewController.swift in Sources */ = {isa = PBXBuildFile; fileRef = E818FCE025DCEF910035E306 /* RootViewController.swift */; };
		E818FCE525DCEF910035E306 /* RootBuilder.swift in Sources */ = {isa = PBXBuildFile; fileRef = E818FCE125DCEF910035E306 /* RootBuilder.swift */; };
		E818FCE625DCEF910035E306 /* RootInteractor.swift in Sources */ = {isa = PBXBuildFile; fileRef = E818FCE225DCEF910035E306 /* RootInteractor.swift */; };
		E818FD3025DD06860035E306 /* LoggedOutRouter.swift in Sources */ = {isa = PBXBuildFile; fileRef = E818FD2C25DD06860035E306 /* LoggedOutRouter.swift */; };
		E818FD3125DD06860035E306 /* LoggedOutViewController.swift in Sources */ = {isa = PBXBuildFile; fileRef = E818FD2D25DD06860035E306 /* LoggedOutViewController.swift */; };
		E818FD3225DD06860035E306 /* LoggedOutBuilder.swift in Sources */ = {isa = PBXBuildFile; fileRef = E818FD2E25DD06860035E306 /* LoggedOutBuilder.swift */; };
		E818FD3325DD06860035E306 /* LoggedOutInteractor.swift in Sources */ = {isa = PBXBuildFile; fileRef = E818FD2F25DD06860035E306 /* LoggedOutInteractor.swift */; };
		E818FD3E25DD06B00035E306 /* MainRouter.swift in Sources */ = {isa = PBXBuildFile; fileRef = E818FD3A25DD06B00035E306 /* MainRouter.swift */; };
		E818FD3F25DD06B00035E306 /* MainViewController.swift in Sources */ = {isa = PBXBuildFile; fileRef = E818FD3B25DD06B00035E306 /* MainViewController.swift */; };
		E818FD4025DD06B00035E306 /* MainBuilder.swift in Sources */ = {isa = PBXBuildFile; fileRef = E818FD3C25DD06B00035E306 /* MainBuilder.swift */; };
		E818FD4125DD06B00035E306 /* MainInteractor.swift in Sources */ = {isa = PBXBuildFile; fileRef = E818FD3D25DD06B00035E306 /* MainInteractor.swift */; };
		E818FD5625DD0CB30035E306 /* LoggedOutViewController.storyboard in Resources */ = {isa = PBXBuildFile; fileRef = E818FD5525DD0CB30035E306 /* LoggedOutViewController.storyboard */; };
		E818FDEE25DD37250035E306 /* RootLoggedOut.swift in Sources */ = {isa = PBXBuildFile; fileRef = E818FDED25DD37250035E306 /* RootLoggedOut.swift */; };
		E818FDFC25DD39390035E306 /* Storyboard.swift in Sources */ = {isa = PBXBuildFile; fileRef = E818FDFB25DD39390035E306 /* Storyboard.swift */; };
		E818FE0525DD39EC0035E306 /* BaseViewController.swift in Sources */ = {isa = PBXBuildFile; fileRef = E818FE0425DD39EC0035E306 /* BaseViewController.swift */; };
		E818FE0B25DD3FB30035E306 /* UIViewController+Extension.swift in Sources */ = {isa = PBXBuildFile; fileRef = E818FE0A25DD3FB30035E306 /* UIViewController+Extension.swift */; };
		E818FE4A25DD4F1A0035E306 /* PopUpViewController.swift in Sources */ = {isa = PBXBuildFile; fileRef = E818FE4825DD4F1A0035E306 /* PopUpViewController.swift */; };
		E818FE4B25DD4F1A0035E306 /* PopUpView.xib in Resources */ = {isa = PBXBuildFile; fileRef = E818FE4925DD4F1A0035E306 /* PopUpView.xib */; };
		E818FE5025DD673D0035E306 /* PopUpViewController.storyboard in Resources */ = {isa = PBXBuildFile; fileRef = E818FE4F25DD673D0035E306 /* PopUpViewController.storyboard */; };
		E818FE5525DD694E0035E306 /* PopUpView.swift in Sources */ = {isa = PBXBuildFile; fileRef = E818FE5425DD694E0035E306 /* PopUpView.swift */; };
		E831A0B725F8C3B700D21451 /* APIManager.swift in Sources */ = {isa = PBXBuildFile; fileRef = E831A0B625F8C3B700D21451 /* APIManager.swift */; };
		E831A17B25F8D84B00D21451 /* MoyaProvider+Rx.swift in Sources */ = {isa = PBXBuildFile; fileRef = E831A17825F8D84B00D21451 /* MoyaProvider+Rx.swift */; };
		E831A17C25F8D84B00D21451 /* Single+Response.swift in Sources */ = {isa = PBXBuildFile; fileRef = E831A17925F8D84B00D21451 /* Single+Response.swift */; };
		E831A18525F8DD9F00D21451 /* TestRepositoy.swift in Sources */ = {isa = PBXBuildFile; fileRef = E831A18425F8DD9F00D21451 /* TestRepositoy.swift */; };
		E831A18B25F8DECB00D21451 /* NaverLoginService.swift in Sources */ = {isa = PBXBuildFile; fileRef = E831A18A25F8DECB00D21451 /* NaverLoginService.swift */; };
		E831A19325F8E47400D21451 /* TestRespone.swift in Sources */ = {isa = PBXBuildFile; fileRef = E831A19225F8E47400D21451 /* TestRespone.swift */; };
		E831A1C125F8E9D700D21451 /* LogFormatter.swift in Sources */ = {isa = PBXBuildFile; fileRef = E831A1C025F8E9D700D21451 /* LogFormatter.swift */; };
		E831A1C925F8E9DE00D21451 /* Logger.swift in Sources */ = {isa = PBXBuildFile; fileRef = E831A1C825F8E9DE00D21451 /* Logger.swift */; };
		E831A1CE25F8E9F300D21451 /* DDLogFlag.swift in Sources */ = {isa = PBXBuildFile; fileRef = E831A1CD25F8E9F300D21451 /* DDLogFlag.swift */; };
		E831A1FC25F8EDFF00D21451 /* NaverInfo.swift in Sources */ = {isa = PBXBuildFile; fileRef = E831A1FB25F8EDFF00D21451 /* NaverInfo.swift */; };
		E849084925F9A31C006A9E6A /* DogProfile.swift in Sources */ = {isa = PBXBuildFile; fileRef = E849084825F9A31C006A9E6A /* DogProfile.swift */; };
		E849085625F9A475006A9E6A /* Encodable+Extension.swift in Sources */ = {isa = PBXBuildFile; fileRef = E849085525F9A475006A9E6A /* Encodable+Extension.swift */; };
		E84AFF5C26003102007D980A /* DogProfileRouter.swift in Sources */ = {isa = PBXBuildFile; fileRef = E84AFF5826003102007D980A /* DogProfileRouter.swift */; };
		E84AFF5D26003102007D980A /* DogProfileViewController.swift in Sources */ = {isa = PBXBuildFile; fileRef = E84AFF5926003102007D980A /* DogProfileViewController.swift */; };
		E84AFF5E26003102007D980A /* DogProfileBuilder.swift in Sources */ = {isa = PBXBuildFile; fileRef = E84AFF5A26003102007D980A /* DogProfileBuilder.swift */; };
		E84AFF5F26003102007D980A /* DogProfileInteractor.swift in Sources */ = {isa = PBXBuildFile; fileRef = E84AFF5B26003102007D980A /* DogProfileInteractor.swift */; };
		E84AFF6426003117007D980A /* DogProfileViewController.xib in Resources */ = {isa = PBXBuildFile; fileRef = E84AFF6326003117007D980A /* DogProfileViewController.xib */; };
		E84AFF9326009562007D980A /* DogBreadRouter.swift in Sources */ = {isa = PBXBuildFile; fileRef = E84AFF8F26009562007D980A /* DogBreadRouter.swift */; };
		E84AFF9426009562007D980A /* DogBreadViewController.swift in Sources */ = {isa = PBXBuildFile; fileRef = E84AFF9026009562007D980A /* DogBreadViewController.swift */; };
		E84AFF9526009562007D980A /* DogBreadBuilder.swift in Sources */ = {isa = PBXBuildFile; fileRef = E84AFF9126009562007D980A /* DogBreadBuilder.swift */; };
		E84AFF9626009562007D980A /* DogBreadInteractor.swift in Sources */ = {isa = PBXBuildFile; fileRef = E84AFF9226009562007D980A /* DogBreadInteractor.swift */; };
		E84AFF9E2600957D007D980A /* DogBreadViewController.xib in Resources */ = {isa = PBXBuildFile; fileRef = E84AFF9D2600957D007D980A /* DogBreadViewController.xib */; };
		E84AFFE32600CFF8007D980A /* DogAttitudeRouter.swift in Sources */ = {isa = PBXBuildFile; fileRef = E84AFFDF2600CFF8007D980A /* DogAttitudeRouter.swift */; };
		E84AFFE42600CFF8007D980A /* DogAttitudeViewController.swift in Sources */ = {isa = PBXBuildFile; fileRef = E84AFFE02600CFF8007D980A /* DogAttitudeViewController.swift */; };
		E84AFFE52600CFF8007D980A /* DogAttitudeBuilder.swift in Sources */ = {isa = PBXBuildFile; fileRef = E84AFFE12600CFF8007D980A /* DogAttitudeBuilder.swift */; };
		E84AFFE62600CFF8007D980A /* DogAttitudeInteractor.swift in Sources */ = {isa = PBXBuildFile; fileRef = E84AFFE22600CFF8007D980A /* DogAttitudeInteractor.swift */; };
		E84AFFEB2600D010007D980A /* DogAttitudeViewController.xib in Resources */ = {isa = PBXBuildFile; fileRef = E84AFFEA2600D010007D980A /* DogAttitudeViewController.xib */; };
		E853285825FA340000283405 /* GoogleService-Info.plist in Resources */ = {isa = PBXBuildFile; fileRef = E853285725FA340000283405 /* GoogleService-Info.plist */; };
		E860255825F9BD0F0068D243 /* UITextField+Extension.swift in Sources */ = {isa = PBXBuildFile; fileRef = E860255725F9BD0F0068D243 /* UITextField+Extension.swift */; };
		E860257725F9FC7B0068D243 /* DogBread.swift in Sources */ = {isa = PBXBuildFile; fileRef = E860257625F9FC7B0068D243 /* DogBread.swift */; };
		E860258825FA1F9B0068D243 /* DogBreadTableViewCell.swift in Sources */ = {isa = PBXBuildFile; fileRef = E860258725FA1F9B0068D243 /* DogBreadTableViewCell.swift */; };
		E8659FBF25F912FD0036A2AF /* PhotoAddCell.swift in Sources */ = {isa = PBXBuildFile; fileRef = E8659FAF25F912FD0036A2AF /* PhotoAddCell.swift */; };
		E8659FDE25F9130E0036A2AF /* DirectLocalBuilder.swift in Sources */ = {isa = PBXBuildFile; fileRef = E8659FC725F9130E0036A2AF /* DirectLocalBuilder.swift */; };
		E8659FDF25F9130E0036A2AF /* DirectLocalRouter.swift in Sources */ = {isa = PBXBuildFile; fileRef = E8659FC825F9130E0036A2AF /* DirectLocalRouter.swift */; };
		E8659FE025F9130E0036A2AF /* DirectLocalInteractor.swift in Sources */ = {isa = PBXBuildFile; fileRef = E8659FC925F9130E0036A2AF /* DirectLocalInteractor.swift */; };
		E8659FE125F9130E0036A2AF /* DirectLocalViewController.swift in Sources */ = {isa = PBXBuildFile; fileRef = E8659FCA25F9130E0036A2AF /* DirectLocalViewController.swift */; };
		E8659FE425F9130E0036A2AF /* DirectBreedRouter.swift in Sources */ = {isa = PBXBuildFile; fileRef = E8659FCE25F9130E0036A2AF /* DirectBreedRouter.swift */; };
		E8659FE525F9130E0036A2AF /* DirectBreedViewController.swift in Sources */ = {isa = PBXBuildFile; fileRef = E8659FCF25F9130E0036A2AF /* DirectBreedViewController.swift */; };
		E8659FE625F9130E0036A2AF /* DirectBreedBuilder.swift in Sources */ = {isa = PBXBuildFile; fileRef = E8659FD025F9130E0036A2AF /* DirectBreedBuilder.swift */; };
		E8659FE725F9130E0036A2AF /* DirectBreedInteractor.swift in Sources */ = {isa = PBXBuildFile; fileRef = E8659FD125F9130E0036A2AF /* DirectBreedInteractor.swift */; };
		E8659FE825F9130E0036A2AF /* SearchLocalRouter.swift in Sources */ = {isa = PBXBuildFile; fileRef = E8659FD325F9130E0036A2AF /* SearchLocalRouter.swift */; };
		E8659FE925F9130E0036A2AF /* SearchLocalBuilder.swift in Sources */ = {isa = PBXBuildFile; fileRef = E8659FD425F9130E0036A2AF /* SearchLocalBuilder.swift */; };
		E8659FEA25F9130E0036A2AF /* SearchLocalInteractor.swift in Sources */ = {isa = PBXBuildFile; fileRef = E8659FD525F9130E0036A2AF /* SearchLocalInteractor.swift */; };
		E8659FEC25F9130E0036A2AF /* SearchLocalViewController.swift in Sources */ = {isa = PBXBuildFile; fileRef = E8659FD725F9130E0036A2AF /* SearchLocalViewController.swift */; };
		E8659FED25F9130E0036A2AF /* SearchDogBreedsViewController.storyboard in Resources */ = {isa = PBXBuildFile; fileRef = E8659FD925F9130E0036A2AF /* SearchDogBreedsViewController.storyboard */; };
		E8659FEE25F9130E0036A2AF /* SearchDogBreedsRouter.swift in Sources */ = {isa = PBXBuildFile; fileRef = E8659FDA25F9130E0036A2AF /* SearchDogBreedsRouter.swift */; };
		E8659FEF25F9130E0036A2AF /* SearchDogBreedsViewController.swift in Sources */ = {isa = PBXBuildFile; fileRef = E8659FDB25F9130E0036A2AF /* SearchDogBreedsViewController.swift */; };
		E8659FF025F9130E0036A2AF /* SearchDogBreedsInteractor.swift in Sources */ = {isa = PBXBuildFile; fileRef = E8659FDC25F9130E0036A2AF /* SearchDogBreedsInteractor.swift */; };
		E8659FF125F9130E0036A2AF /* SearchDogBreedsBuilder.swift in Sources */ = {isa = PBXBuildFile; fileRef = E8659FDD25F9130E0036A2AF /* SearchDogBreedsBuilder.swift */; };
		E8659FFB25F913190036A2AF /* OtherDogsInfoPopupView.xib in Resources */ = {isa = PBXBuildFile; fileRef = E8659FF925F913190036A2AF /* OtherDogsInfoPopupView.xib */; };
		E8659FFC25F913190036A2AF /* OtherDogsInfoPopupView.swift in Sources */ = {isa = PBXBuildFile; fileRef = E8659FFA25F913190036A2AF /* OtherDogsInfoPopupView.swift */; };
		E87287A225DE76AD005575BF /* SignUpRouter.swift in Sources */ = {isa = PBXBuildFile; fileRef = E872879E25DE76AD005575BF /* SignUpRouter.swift */; };
		E87287A425DE76AD005575BF /* SignUpBuilder.swift in Sources */ = {isa = PBXBuildFile; fileRef = E87287A025DE76AD005575BF /* SignUpBuilder.swift */; };
		E87287A525DE76AD005575BF /* SignUpInteractor.swift in Sources */ = {isa = PBXBuildFile; fileRef = E87287A125DE76AD005575BF /* SignUpInteractor.swift */; };
		E87287B525DE8577005575BF /* UINavigationContoller+Extension.swift in Sources */ = {isa = PBXBuildFile; fileRef = E87287B425DE8577005575BF /* UINavigationContoller+Extension.swift */; };
		E872880525DEAAEE005575BF /* UIView+Extension.swift in Sources */ = {isa = PBXBuildFile; fileRef = E872880425DEAAEE005575BF /* UIView+Extension.swift */; };
		E89B4FD12607161100C25C3E /* Array+Extension.swift in Sources */ = {isa = PBXBuildFile; fileRef = E89B4FD02607161100C25C3E /* Array+Extension.swift */; };
		E8A1340E25E4B9DA00C7E1EC /* UIApplication+Extension.swift in Sources */ = {isa = PBXBuildFile; fileRef = E8A1340D25E4B9DA00C7E1EC /* UIApplication+Extension.swift */; };
		E8D174AA260111D600C271EC /* DogPhotoViewController.xib in Resources */ = {isa = PBXBuildFile; fileRef = E8D174A9260111D600C271EC /* DogPhotoViewController.xib */; };
		E8D174B2260111E800C271EC /* DogPhotoRouter.swift in Sources */ = {isa = PBXBuildFile; fileRef = E8D174AE260111E800C271EC /* DogPhotoRouter.swift */; };
		E8D174B3260111E800C271EC /* DogPhotoViewController.swift in Sources */ = {isa = PBXBuildFile; fileRef = E8D174AF260111E800C271EC /* DogPhotoViewController.swift */; };
		E8D174B4260111E800C271EC /* DogPhotoBuilder.swift in Sources */ = {isa = PBXBuildFile; fileRef = E8D174B0260111E800C271EC /* DogPhotoBuilder.swift */; };
		E8D174B5260111E800C271EC /* DogPhotoInteractor.swift in Sources */ = {isa = PBXBuildFile; fileRef = E8D174B1260111E800C271EC /* DogPhotoInteractor.swift */; };
		E8D174BD260111F400C271EC /* MyIntroRouter.swift in Sources */ = {isa = PBXBuildFile; fileRef = E8D174B9260111F400C271EC /* MyIntroRouter.swift */; };
		E8D174BE260111F400C271EC /* MyIntroViewController.swift in Sources */ = {isa = PBXBuildFile; fileRef = E8D174BA260111F400C271EC /* MyIntroViewController.swift */; };
		E8D174BF260111F400C271EC /* MyIntroBuilder.swift in Sources */ = {isa = PBXBuildFile; fileRef = E8D174BB260111F400C271EC /* MyIntroBuilder.swift */; };
		E8D174C0260111F400C271EC /* MyIntroInteractor.swift in Sources */ = {isa = PBXBuildFile; fileRef = E8D174BC260111F400C271EC /* MyIntroInteractor.swift */; };
		E8D174C5260111FF00C271EC /* MyIntroViewController.xib in Resources */ = {isa = PBXBuildFile; fileRef = E8D174C4260111FF00C271EC /* MyIntroViewController.xib */; };
		E8D1752826011FB900C271EC /* MyInfoRouter.swift in Sources */ = {isa = PBXBuildFile; fileRef = E8D1752426011FB900C271EC /* MyInfoRouter.swift */; };
		E8D1752926011FB900C271EC /* MyInfoViewController.swift in Sources */ = {isa = PBXBuildFile; fileRef = E8D1752526011FB900C271EC /* MyInfoViewController.swift */; };
		E8D1752A26011FB900C271EC /* MyInfoBuilder.swift in Sources */ = {isa = PBXBuildFile; fileRef = E8D1752626011FB900C271EC /* MyInfoBuilder.swift */; };
		E8D1752B26011FB900C271EC /* MyInfoInteractor.swift in Sources */ = {isa = PBXBuildFile; fileRef = E8D1752726011FB900C271EC /* MyInfoInteractor.swift */; };
		E8D1753326011FC900C271EC /* MyInfoViewController.xib in Resources */ = {isa = PBXBuildFile; fileRef = E8D1753226011FC900C271EC /* MyInfoViewController.xib */; };
		E8D3E02325E21AD3008B87FA /* BaseCollectionViewCell.swift in Sources */ = {isa = PBXBuildFile; fileRef = E8D3E02225E21AD3008B87FA /* BaseCollectionViewCell.swift */; };
		E8FB10072604984B003858F4 /* DirectBreedViewController.xib in Resources */ = {isa = PBXBuildFile; fileRef = E8FB10062604984B003858F4 /* DirectBreedViewController.xib */; };
		E8FB10152604A970003858F4 /* SearchLocalViewController.xib in Resources */ = {isa = PBXBuildFile; fileRef = E8FB10142604A970003858F4 /* SearchLocalViewController.xib */; };
		E8FB10382604ADBC003858F4 /* PhotoAddCell.xib in Resources */ = {isa = PBXBuildFile; fileRef = E8FB10292604ADBC003858F4 /* PhotoAddCell.xib */; };
		E8FB10442604B2A5003858F4 /* DirectLocalViewController.xib in Resources */ = {isa = PBXBuildFile; fileRef = E8FB10432604B2A5003858F4 /* DirectLocalViewController.xib */; };
		E8FB107F2604E07C003858F4 /* MyProfile.swift in Sources */ = {isa = PBXBuildFile; fileRef = E8FB107E2604E07C003858F4 /* MyProfile.swift */; };
		E8FB10872604F723003858F4 /* SignUpViewController.xib in Resources */ = {isa = PBXBuildFile; fileRef = E8FB10862604F723003858F4 /* SignUpViewController.xib */; };
/* End PBXBuildFile section */

/* Begin PBXContainerItemProxy section */
		E80337FF25BEBE36008580CA /* PBXContainerItemProxy */ = {
			isa = PBXContainerItemProxy;
			containerPortal = E80337DD25BEBE34008580CA /* Project object */;
			proxyType = 1;
			remoteGlobalIDString = E80337E425BEBE34008580CA;
			remoteInfo = woofriend;
		};
		E803380A25BEBE36008580CA /* PBXContainerItemProxy */ = {
			isa = PBXContainerItemProxy;
			containerPortal = E80337DD25BEBE34008580CA /* Project object */;
			proxyType = 1;
			remoteGlobalIDString = E80337E425BEBE34008580CA;
			remoteInfo = woofriend;
		};
/* End PBXContainerItemProxy section */

/* Begin PBXFileReference section */
		1021EC999F8855FD078DF99C /* Pods-WoofriendTests.release.xcconfig */ = {isa = PBXFileReference; includeInIndex = 1; lastKnownFileType = text.xcconfig; name = "Pods-WoofriendTests.release.xcconfig"; path = "Target Support Files/Pods-WoofriendTests/Pods-WoofriendTests.release.xcconfig"; sourceTree = "<group>"; };
		46A6B061731BBDA82E7E5CE0 /* libPods-WoofriendTests.a */ = {isa = PBXFileReference; explicitFileType = archive.ar; includeInIndex = 0; path = "libPods-WoofriendTests.a"; sourceTree = BUILT_PRODUCTS_DIR; };
		48FAA74292C2A29EC8486AF7 /* libPods-Woofriend-WoofriendUITests.a */ = {isa = PBXFileReference; explicitFileType = archive.ar; includeInIndex = 0; path = "libPods-Woofriend-WoofriendUITests.a"; sourceTree = BUILT_PRODUCTS_DIR; };
		4A5D66928C143E89B1DEC1F5 /* Pods-Woofriend.release.xcconfig */ = {isa = PBXFileReference; includeInIndex = 1; lastKnownFileType = text.xcconfig; name = "Pods-Woofriend.release.xcconfig"; path = "Target Support Files/Pods-Woofriend/Pods-Woofriend.release.xcconfig"; sourceTree = "<group>"; };
		7609B4FF6F81E048E30762B0 /* libPods-Woofriend.a */ = {isa = PBXFileReference; explicitFileType = archive.ar; includeInIndex = 0; path = "libPods-Woofriend.a"; sourceTree = BUILT_PRODUCTS_DIR; };
		93A5586BE55B323D5A7BC9DC /* Pods-Woofriend-WoofriendUITests.debug.xcconfig */ = {isa = PBXFileReference; includeInIndex = 1; lastKnownFileType = text.xcconfig; name = "Pods-Woofriend-WoofriendUITests.debug.xcconfig"; path = "Target Support Files/Pods-Woofriend-WoofriendUITests/Pods-Woofriend-WoofriendUITests.debug.xcconfig"; sourceTree = "<group>"; };
		B09272E57C9BFC1751A5BF2D /* Pods-Woofriend.debug.xcconfig */ = {isa = PBXFileReference; includeInIndex = 1; lastKnownFileType = text.xcconfig; name = "Pods-Woofriend.debug.xcconfig"; path = "Target Support Files/Pods-Woofriend/Pods-Woofriend.debug.xcconfig"; sourceTree = "<group>"; };
		CE33E6A44E5F01F2402DAFCA /* Pods-Woofriend-WoofriendUITests.release.xcconfig */ = {isa = PBXFileReference; includeInIndex = 1; lastKnownFileType = text.xcconfig; name = "Pods-Woofriend-WoofriendUITests.release.xcconfig"; path = "Target Support Files/Pods-Woofriend-WoofriendUITests/Pods-Woofriend-WoofriendUITests.release.xcconfig"; sourceTree = "<group>"; };
		E80337E525BEBE34008580CA /* Woofriend.app */ = {isa = PBXFileReference; explicitFileType = wrapper.application; includeInIndex = 0; path = Woofriend.app; sourceTree = BUILT_PRODUCTS_DIR; };
		E80337E825BEBE34008580CA /* AppDelegate.swift */ = {isa = PBXFileReference; lastKnownFileType = sourcecode.swift; path = AppDelegate.swift; sourceTree = "<group>"; };
		E80337F225BEBE34008580CA /* woofriend.xcdatamodel */ = {isa = PBXFileReference; lastKnownFileType = wrapper.xcdatamodel; path = woofriend.xcdatamodel; sourceTree = "<group>"; };
		E80337F425BEBE36008580CA /* Assets.xcassets */ = {isa = PBXFileReference; lastKnownFileType = folder.assetcatalog; path = Assets.xcassets; sourceTree = "<group>"; };
		E80337F725BEBE36008580CA /* Base */ = {isa = PBXFileReference; lastKnownFileType = file.storyboard; name = Base; path = Base.lproj/LaunchScreen.storyboard; sourceTree = "<group>"; };
		E80337F925BEBE36008580CA /* Info.plist */ = {isa = PBXFileReference; lastKnownFileType = text.plist.xml; path = Info.plist; sourceTree = "<group>"; };
		E80337FE25BEBE36008580CA /* WoofriendTests.xctest */ = {isa = PBXFileReference; explicitFileType = wrapper.cfbundle; includeInIndex = 0; path = WoofriendTests.xctest; sourceTree = BUILT_PRODUCTS_DIR; };
		E803380225BEBE36008580CA /* woofriendTests.swift */ = {isa = PBXFileReference; lastKnownFileType = sourcecode.swift; path = woofriendTests.swift; sourceTree = "<group>"; };
		E803380425BEBE36008580CA /* Info.plist */ = {isa = PBXFileReference; lastKnownFileType = text.plist.xml; path = Info.plist; sourceTree = "<group>"; };
		E803380925BEBE36008580CA /* WoofriendUITests.xctest */ = {isa = PBXFileReference; explicitFileType = wrapper.cfbundle; includeInIndex = 0; path = WoofriendUITests.xctest; sourceTree = BUILT_PRODUCTS_DIR; };
		E803380D25BEBE36008580CA /* woofriendUITests.swift */ = {isa = PBXFileReference; lastKnownFileType = sourcecode.swift; path = woofriendUITests.swift; sourceTree = "<group>"; };
		E803380F25BEBE36008580CA /* Info.plist */ = {isa = PBXFileReference; lastKnownFileType = text.plist.xml; path = Info.plist; sourceTree = "<group>"; };
		E80546E026010ECF008912B4 /* DogAttitude.swift */ = {isa = PBXFileReference; lastKnownFileType = sourcecode.swift; path = DogAttitude.swift; sourceTree = "<group>"; };
		E818FC9A25DCE9A60035E306 /* AppComponent.swift */ = {isa = PBXFileReference; lastKnownFileType = sourcecode.swift; path = AppComponent.swift; sourceTree = "<group>"; };
		E818FCDF25DCEF910035E306 /* RootRouter.swift */ = {isa = PBXFileReference; lastKnownFileType = sourcecode.swift; path = RootRouter.swift; sourceTree = "<group>"; };
		E818FCE025DCEF910035E306 /* RootViewController.swift */ = {isa = PBXFileReference; lastKnownFileType = sourcecode.swift; path = RootViewController.swift; sourceTree = "<group>"; };
		E818FCE125DCEF910035E306 /* RootBuilder.swift */ = {isa = PBXFileReference; lastKnownFileType = sourcecode.swift; path = RootBuilder.swift; sourceTree = "<group>"; };
		E818FCE225DCEF910035E306 /* RootInteractor.swift */ = {isa = PBXFileReference; lastKnownFileType = sourcecode.swift; path = RootInteractor.swift; sourceTree = "<group>"; };
		E818FD2C25DD06860035E306 /* LoggedOutRouter.swift */ = {isa = PBXFileReference; lastKnownFileType = sourcecode.swift; path = LoggedOutRouter.swift; sourceTree = "<group>"; };
		E818FD2D25DD06860035E306 /* LoggedOutViewController.swift */ = {isa = PBXFileReference; lastKnownFileType = sourcecode.swift; path = LoggedOutViewController.swift; sourceTree = "<group>"; };
		E818FD2E25DD06860035E306 /* LoggedOutBuilder.swift */ = {isa = PBXFileReference; lastKnownFileType = sourcecode.swift; path = LoggedOutBuilder.swift; sourceTree = "<group>"; };
		E818FD2F25DD06860035E306 /* LoggedOutInteractor.swift */ = {isa = PBXFileReference; lastKnownFileType = sourcecode.swift; path = LoggedOutInteractor.swift; sourceTree = "<group>"; };
		E818FD3A25DD06B00035E306 /* MainRouter.swift */ = {isa = PBXFileReference; lastKnownFileType = sourcecode.swift; path = MainRouter.swift; sourceTree = "<group>"; };
		E818FD3B25DD06B00035E306 /* MainViewController.swift */ = {isa = PBXFileReference; lastKnownFileType = sourcecode.swift; path = MainViewController.swift; sourceTree = "<group>"; };
		E818FD3C25DD06B00035E306 /* MainBuilder.swift */ = {isa = PBXFileReference; lastKnownFileType = sourcecode.swift; path = MainBuilder.swift; sourceTree = "<group>"; };
		E818FD3D25DD06B00035E306 /* MainInteractor.swift */ = {isa = PBXFileReference; lastKnownFileType = sourcecode.swift; path = MainInteractor.swift; sourceTree = "<group>"; };
		E818FD5525DD0CB30035E306 /* LoggedOutViewController.storyboard */ = {isa = PBXFileReference; lastKnownFileType = file.storyboard; path = LoggedOutViewController.storyboard; sourceTree = "<group>"; };
		E818FDED25DD37250035E306 /* RootLoggedOut.swift */ = {isa = PBXFileReference; lastKnownFileType = sourcecode.swift; path = RootLoggedOut.swift; sourceTree = "<group>"; };
		E818FDFB25DD39390035E306 /* Storyboard.swift */ = {isa = PBXFileReference; lastKnownFileType = sourcecode.swift; path = Storyboard.swift; sourceTree = "<group>"; };
		E818FE0425DD39EC0035E306 /* BaseViewController.swift */ = {isa = PBXFileReference; lastKnownFileType = sourcecode.swift; path = BaseViewController.swift; sourceTree = "<group>"; };
		E818FE0A25DD3FB30035E306 /* UIViewController+Extension.swift */ = {isa = PBXFileReference; lastKnownFileType = sourcecode.swift; path = "UIViewController+Extension.swift"; sourceTree = "<group>"; };
		E818FE4825DD4F1A0035E306 /* PopUpViewController.swift */ = {isa = PBXFileReference; lastKnownFileType = sourcecode.swift; path = PopUpViewController.swift; sourceTree = "<group>"; };
		E818FE4925DD4F1A0035E306 /* PopUpView.xib */ = {isa = PBXFileReference; lastKnownFileType = file.xib; path = PopUpView.xib; sourceTree = "<group>"; };
		E818FE4F25DD673D0035E306 /* PopUpViewController.storyboard */ = {isa = PBXFileReference; lastKnownFileType = file.storyboard; path = PopUpViewController.storyboard; sourceTree = "<group>"; };
		E818FE5425DD694E0035E306 /* PopUpView.swift */ = {isa = PBXFileReference; lastKnownFileType = sourcecode.swift; path = PopUpView.swift; sourceTree = "<group>"; };
		E831A0B625F8C3B700D21451 /* APIManager.swift */ = {isa = PBXFileReference; lastKnownFileType = sourcecode.swift; path = APIManager.swift; sourceTree = "<group>"; };
		E831A17825F8D84B00D21451 /* MoyaProvider+Rx.swift */ = {isa = PBXFileReference; fileEncoding = 4; lastKnownFileType = sourcecode.swift; path = "MoyaProvider+Rx.swift"; sourceTree = "<group>"; };
		E831A17925F8D84B00D21451 /* Single+Response.swift */ = {isa = PBXFileReference; fileEncoding = 4; lastKnownFileType = sourcecode.swift; path = "Single+Response.swift"; sourceTree = "<group>"; };
		E831A18425F8DD9F00D21451 /* TestRepositoy.swift */ = {isa = PBXFileReference; lastKnownFileType = sourcecode.swift; path = TestRepositoy.swift; sourceTree = "<group>"; };
		E831A18A25F8DECB00D21451 /* NaverLoginService.swift */ = {isa = PBXFileReference; lastKnownFileType = sourcecode.swift; path = NaverLoginService.swift; sourceTree = "<group>"; };
		E831A19225F8E47400D21451 /* TestRespone.swift */ = {isa = PBXFileReference; lastKnownFileType = sourcecode.swift; path = TestRespone.swift; sourceTree = "<group>"; };
		E831A1C025F8E9D700D21451 /* LogFormatter.swift */ = {isa = PBXFileReference; lastKnownFileType = sourcecode.swift; path = LogFormatter.swift; sourceTree = "<group>"; };
		E831A1C825F8E9DE00D21451 /* Logger.swift */ = {isa = PBXFileReference; lastKnownFileType = sourcecode.swift; path = Logger.swift; sourceTree = "<group>"; };
		E831A1CD25F8E9F300D21451 /* DDLogFlag.swift */ = {isa = PBXFileReference; lastKnownFileType = sourcecode.swift; path = DDLogFlag.swift; sourceTree = "<group>"; };
		E831A1FB25F8EDFF00D21451 /* NaverInfo.swift */ = {isa = PBXFileReference; lastKnownFileType = sourcecode.swift; path = NaverInfo.swift; sourceTree = "<group>"; };
		E849084825F9A31C006A9E6A /* DogProfile.swift */ = {isa = PBXFileReference; lastKnownFileType = sourcecode.swift; path = DogProfile.swift; sourceTree = "<group>"; };
		E849085525F9A475006A9E6A /* Encodable+Extension.swift */ = {isa = PBXFileReference; lastKnownFileType = sourcecode.swift; path = "Encodable+Extension.swift"; sourceTree = "<group>"; };
		E84AFF5826003102007D980A /* DogProfileRouter.swift */ = {isa = PBXFileReference; lastKnownFileType = sourcecode.swift; path = DogProfileRouter.swift; sourceTree = "<group>"; };
		E84AFF5926003102007D980A /* DogProfileViewController.swift */ = {isa = PBXFileReference; lastKnownFileType = sourcecode.swift; path = DogProfileViewController.swift; sourceTree = "<group>"; };
		E84AFF5A26003102007D980A /* DogProfileBuilder.swift */ = {isa = PBXFileReference; lastKnownFileType = sourcecode.swift; path = DogProfileBuilder.swift; sourceTree = "<group>"; };
		E84AFF5B26003102007D980A /* DogProfileInteractor.swift */ = {isa = PBXFileReference; lastKnownFileType = sourcecode.swift; path = DogProfileInteractor.swift; sourceTree = "<group>"; };
		E84AFF6326003117007D980A /* DogProfileViewController.xib */ = {isa = PBXFileReference; lastKnownFileType = file.xib; path = DogProfileViewController.xib; sourceTree = "<group>"; };
		E84AFF8F26009562007D980A /* DogBreadRouter.swift */ = {isa = PBXFileReference; lastKnownFileType = sourcecode.swift; path = DogBreadRouter.swift; sourceTree = "<group>"; };
		E84AFF9026009562007D980A /* DogBreadViewController.swift */ = {isa = PBXFileReference; lastKnownFileType = sourcecode.swift; path = DogBreadViewController.swift; sourceTree = "<group>"; };
		E84AFF9126009562007D980A /* DogBreadBuilder.swift */ = {isa = PBXFileReference; lastKnownFileType = sourcecode.swift; path = DogBreadBuilder.swift; sourceTree = "<group>"; };
		E84AFF9226009562007D980A /* DogBreadInteractor.swift */ = {isa = PBXFileReference; lastKnownFileType = sourcecode.swift; path = DogBreadInteractor.swift; sourceTree = "<group>"; };
		E84AFF9D2600957D007D980A /* DogBreadViewController.xib */ = {isa = PBXFileReference; lastKnownFileType = file.xib; path = DogBreadViewController.xib; sourceTree = "<group>"; };
		E84AFFDF2600CFF8007D980A /* DogAttitudeRouter.swift */ = {isa = PBXFileReference; lastKnownFileType = sourcecode.swift; path = DogAttitudeRouter.swift; sourceTree = "<group>"; };
		E84AFFE02600CFF8007D980A /* DogAttitudeViewController.swift */ = {isa = PBXFileReference; lastKnownFileType = sourcecode.swift; path = DogAttitudeViewController.swift; sourceTree = "<group>"; };
		E84AFFE12600CFF8007D980A /* DogAttitudeBuilder.swift */ = {isa = PBXFileReference; lastKnownFileType = sourcecode.swift; path = DogAttitudeBuilder.swift; sourceTree = "<group>"; };
		E84AFFE22600CFF8007D980A /* DogAttitudeInteractor.swift */ = {isa = PBXFileReference; lastKnownFileType = sourcecode.swift; path = DogAttitudeInteractor.swift; sourceTree = "<group>"; };
		E84AFFEA2600D010007D980A /* DogAttitudeViewController.xib */ = {isa = PBXFileReference; lastKnownFileType = file.xib; path = DogAttitudeViewController.xib; sourceTree = "<group>"; };
		E853285725FA340000283405 /* GoogleService-Info.plist */ = {isa = PBXFileReference; fileEncoding = 4; lastKnownFileType = text.plist.xml; path = "GoogleService-Info.plist"; sourceTree = "<group>"; };
		E860255725F9BD0F0068D243 /* UITextField+Extension.swift */ = {isa = PBXFileReference; lastKnownFileType = sourcecode.swift; path = "UITextField+Extension.swift"; sourceTree = "<group>"; };
		E860257625F9FC7B0068D243 /* DogBread.swift */ = {isa = PBXFileReference; lastKnownFileType = sourcecode.swift; path = DogBread.swift; sourceTree = "<group>"; };
		E860258725FA1F9B0068D243 /* DogBreadTableViewCell.swift */ = {isa = PBXFileReference; lastKnownFileType = sourcecode.swift; path = DogBreadTableViewCell.swift; sourceTree = "<group>"; };
		E8659FAF25F912FD0036A2AF /* PhotoAddCell.swift */ = {isa = PBXFileReference; fileEncoding = 4; lastKnownFileType = sourcecode.swift; path = PhotoAddCell.swift; sourceTree = "<group>"; };
		E8659FC725F9130E0036A2AF /* DirectLocalBuilder.swift */ = {isa = PBXFileReference; fileEncoding = 4; lastKnownFileType = sourcecode.swift; path = DirectLocalBuilder.swift; sourceTree = "<group>"; };
		E8659FC825F9130E0036A2AF /* DirectLocalRouter.swift */ = {isa = PBXFileReference; fileEncoding = 4; lastKnownFileType = sourcecode.swift; path = DirectLocalRouter.swift; sourceTree = "<group>"; };
		E8659FC925F9130E0036A2AF /* DirectLocalInteractor.swift */ = {isa = PBXFileReference; fileEncoding = 4; lastKnownFileType = sourcecode.swift; path = DirectLocalInteractor.swift; sourceTree = "<group>"; };
		E8659FCA25F9130E0036A2AF /* DirectLocalViewController.swift */ = {isa = PBXFileReference; fileEncoding = 4; lastKnownFileType = sourcecode.swift; path = DirectLocalViewController.swift; sourceTree = "<group>"; };
		E8659FCE25F9130E0036A2AF /* DirectBreedRouter.swift */ = {isa = PBXFileReference; fileEncoding = 4; lastKnownFileType = sourcecode.swift; path = DirectBreedRouter.swift; sourceTree = "<group>"; };
		E8659FCF25F9130E0036A2AF /* DirectBreedViewController.swift */ = {isa = PBXFileReference; fileEncoding = 4; lastKnownFileType = sourcecode.swift; path = DirectBreedViewController.swift; sourceTree = "<group>"; };
		E8659FD025F9130E0036A2AF /* DirectBreedBuilder.swift */ = {isa = PBXFileReference; fileEncoding = 4; lastKnownFileType = sourcecode.swift; path = DirectBreedBuilder.swift; sourceTree = "<group>"; };
		E8659FD125F9130E0036A2AF /* DirectBreedInteractor.swift */ = {isa = PBXFileReference; fileEncoding = 4; lastKnownFileType = sourcecode.swift; path = DirectBreedInteractor.swift; sourceTree = "<group>"; };
		E8659FD325F9130E0036A2AF /* SearchLocalRouter.swift */ = {isa = PBXFileReference; fileEncoding = 4; lastKnownFileType = sourcecode.swift; path = SearchLocalRouter.swift; sourceTree = "<group>"; };
		E8659FD425F9130E0036A2AF /* SearchLocalBuilder.swift */ = {isa = PBXFileReference; fileEncoding = 4; lastKnownFileType = sourcecode.swift; path = SearchLocalBuilder.swift; sourceTree = "<group>"; };
		E8659FD525F9130E0036A2AF /* SearchLocalInteractor.swift */ = {isa = PBXFileReference; fileEncoding = 4; lastKnownFileType = sourcecode.swift; path = SearchLocalInteractor.swift; sourceTree = "<group>"; };
		E8659FD725F9130E0036A2AF /* SearchLocalViewController.swift */ = {isa = PBXFileReference; fileEncoding = 4; lastKnownFileType = sourcecode.swift; path = SearchLocalViewController.swift; sourceTree = "<group>"; };
		E8659FD925F9130E0036A2AF /* SearchDogBreedsViewController.storyboard */ = {isa = PBXFileReference; fileEncoding = 4; lastKnownFileType = file.storyboard; path = SearchDogBreedsViewController.storyboard; sourceTree = "<group>"; };
		E8659FDA25F9130E0036A2AF /* SearchDogBreedsRouter.swift */ = {isa = PBXFileReference; fileEncoding = 4; lastKnownFileType = sourcecode.swift; path = SearchDogBreedsRouter.swift; sourceTree = "<group>"; };
		E8659FDB25F9130E0036A2AF /* SearchDogBreedsViewController.swift */ = {isa = PBXFileReference; fileEncoding = 4; lastKnownFileType = sourcecode.swift; path = SearchDogBreedsViewController.swift; sourceTree = "<group>"; };
		E8659FDC25F9130E0036A2AF /* SearchDogBreedsInteractor.swift */ = {isa = PBXFileReference; fileEncoding = 4; lastKnownFileType = sourcecode.swift; path = SearchDogBreedsInteractor.swift; sourceTree = "<group>"; };
		E8659FDD25F9130E0036A2AF /* SearchDogBreedsBuilder.swift */ = {isa = PBXFileReference; fileEncoding = 4; lastKnownFileType = sourcecode.swift; path = SearchDogBreedsBuilder.swift; sourceTree = "<group>"; };
		E8659FF925F913190036A2AF /* OtherDogsInfoPopupView.xib */ = {isa = PBXFileReference; fileEncoding = 4; lastKnownFileType = file.xib; path = OtherDogsInfoPopupView.xib; sourceTree = "<group>"; };
		E8659FFA25F913190036A2AF /* OtherDogsInfoPopupView.swift */ = {isa = PBXFileReference; fileEncoding = 4; lastKnownFileType = sourcecode.swift; path = OtherDogsInfoPopupView.swift; sourceTree = "<group>"; };
		E872879E25DE76AD005575BF /* SignUpRouter.swift */ = {isa = PBXFileReference; lastKnownFileType = sourcecode.swift; path = SignUpRouter.swift; sourceTree = "<group>"; };
		E87287A025DE76AD005575BF /* SignUpBuilder.swift */ = {isa = PBXFileReference; lastKnownFileType = sourcecode.swift; path = SignUpBuilder.swift; sourceTree = "<group>"; };
		E87287A125DE76AD005575BF /* SignUpInteractor.swift */ = {isa = PBXFileReference; lastKnownFileType = sourcecode.swift; path = SignUpInteractor.swift; sourceTree = "<group>"; };
		E87287B425DE8577005575BF /* UINavigationContoller+Extension.swift */ = {isa = PBXFileReference; lastKnownFileType = sourcecode.swift; path = "UINavigationContoller+Extension.swift"; sourceTree = "<group>"; };
		E872880425DEAAEE005575BF /* UIView+Extension.swift */ = {isa = PBXFileReference; lastKnownFileType = sourcecode.swift; path = "UIView+Extension.swift"; sourceTree = "<group>"; };
		E89B4FD02607161100C25C3E /* Array+Extension.swift */ = {isa = PBXFileReference; lastKnownFileType = sourcecode.swift; path = "Array+Extension.swift"; sourceTree = "<group>"; };
		E8A1340D25E4B9DA00C7E1EC /* UIApplication+Extension.swift */ = {isa = PBXFileReference; lastKnownFileType = sourcecode.swift; path = "UIApplication+Extension.swift"; sourceTree = "<group>"; };
		E8D174A9260111D600C271EC /* DogPhotoViewController.xib */ = {isa = PBXFileReference; lastKnownFileType = file.xib; path = DogPhotoViewController.xib; sourceTree = "<group>"; };
		E8D174AE260111E800C271EC /* DogPhotoRouter.swift */ = {isa = PBXFileReference; lastKnownFileType = sourcecode.swift; path = DogPhotoRouter.swift; sourceTree = "<group>"; };
		E8D174AF260111E800C271EC /* DogPhotoViewController.swift */ = {isa = PBXFileReference; lastKnownFileType = sourcecode.swift; path = DogPhotoViewController.swift; sourceTree = "<group>"; };
		E8D174B0260111E800C271EC /* DogPhotoBuilder.swift */ = {isa = PBXFileReference; lastKnownFileType = sourcecode.swift; path = DogPhotoBuilder.swift; sourceTree = "<group>"; };
		E8D174B1260111E800C271EC /* DogPhotoInteractor.swift */ = {isa = PBXFileReference; lastKnownFileType = sourcecode.swift; path = DogPhotoInteractor.swift; sourceTree = "<group>"; };
		E8D174B9260111F400C271EC /* MyIntroRouter.swift */ = {isa = PBXFileReference; lastKnownFileType = sourcecode.swift; path = MyIntroRouter.swift; sourceTree = "<group>"; };
		E8D174BA260111F400C271EC /* MyIntroViewController.swift */ = {isa = PBXFileReference; lastKnownFileType = sourcecode.swift; path = MyIntroViewController.swift; sourceTree = "<group>"; };
		E8D174BB260111F400C271EC /* MyIntroBuilder.swift */ = {isa = PBXFileReference; lastKnownFileType = sourcecode.swift; path = MyIntroBuilder.swift; sourceTree = "<group>"; };
		E8D174BC260111F400C271EC /* MyIntroInteractor.swift */ = {isa = PBXFileReference; lastKnownFileType = sourcecode.swift; path = MyIntroInteractor.swift; sourceTree = "<group>"; };
		E8D174C4260111FF00C271EC /* MyIntroViewController.xib */ = {isa = PBXFileReference; lastKnownFileType = file.xib; path = MyIntroViewController.xib; sourceTree = "<group>"; };
		E8D1752426011FB900C271EC /* MyInfoRouter.swift */ = {isa = PBXFileReference; lastKnownFileType = sourcecode.swift; path = MyInfoRouter.swift; sourceTree = "<group>"; };
		E8D1752526011FB900C271EC /* MyInfoViewController.swift */ = {isa = PBXFileReference; lastKnownFileType = sourcecode.swift; path = MyInfoViewController.swift; sourceTree = "<group>"; };
		E8D1752626011FB900C271EC /* MyInfoBuilder.swift */ = {isa = PBXFileReference; lastKnownFileType = sourcecode.swift; path = MyInfoBuilder.swift; sourceTree = "<group>"; };
		E8D1752726011FB900C271EC /* MyInfoInteractor.swift */ = {isa = PBXFileReference; lastKnownFileType = sourcecode.swift; path = MyInfoInteractor.swift; sourceTree = "<group>"; };
		E8D1753226011FC900C271EC /* MyInfoViewController.xib */ = {isa = PBXFileReference; lastKnownFileType = file.xib; path = MyInfoViewController.xib; sourceTree = "<group>"; };
		E8D3E02225E21AD3008B87FA /* BaseCollectionViewCell.swift */ = {isa = PBXFileReference; lastKnownFileType = sourcecode.swift; path = BaseCollectionViewCell.swift; sourceTree = "<group>"; };
		E8FB10062604984B003858F4 /* DirectBreedViewController.xib */ = {isa = PBXFileReference; lastKnownFileType = file.xib; path = DirectBreedViewController.xib; sourceTree = "<group>"; };
		E8FB10142604A970003858F4 /* SearchLocalViewController.xib */ = {isa = PBXFileReference; lastKnownFileType = file.xib; path = SearchLocalViewController.xib; sourceTree = "<group>"; };
		E8FB10292604ADBC003858F4 /* PhotoAddCell.xib */ = {isa = PBXFileReference; fileEncoding = 4; lastKnownFileType = file.xib; path = PhotoAddCell.xib; sourceTree = "<group>"; };
		E8FB10432604B2A5003858F4 /* DirectLocalViewController.xib */ = {isa = PBXFileReference; lastKnownFileType = file.xib; path = DirectLocalViewController.xib; sourceTree = "<group>"; };
		E8FB107E2604E07C003858F4 /* MyProfile.swift */ = {isa = PBXFileReference; lastKnownFileType = sourcecode.swift; path = MyProfile.swift; sourceTree = "<group>"; };
		E8FB10862604F723003858F4 /* SignUpViewController.xib */ = {isa = PBXFileReference; lastKnownFileType = file.xib; path = SignUpViewController.xib; sourceTree = "<group>"; };
		E910FF1BD6DCD532FEA110AF /* Pods-WoofriendTests.debug.xcconfig */ = {isa = PBXFileReference; includeInIndex = 1; lastKnownFileType = text.xcconfig; name = "Pods-WoofriendTests.debug.xcconfig"; path = "Target Support Files/Pods-WoofriendTests/Pods-WoofriendTests.debug.xcconfig"; sourceTree = "<group>"; };
/* End PBXFileReference section */

/* Begin PBXFrameworksBuildPhase section */
		E80337E225BEBE34008580CA /* Frameworks */ = {
			isa = PBXFrameworksBuildPhase;
			buildActionMask = 2147483647;
			files = (
				76EE2F2D6CB4FD8C32B9CC4F /* libPods-Woofriend.a in Frameworks */,
			);
			runOnlyForDeploymentPostprocessing = 0;
		};
		E80337FB25BEBE36008580CA /* Frameworks */ = {
			isa = PBXFrameworksBuildPhase;
			buildActionMask = 2147483647;
			files = (
				98B2DA41D654AA6EC7C40C06 /* libPods-WoofriendTests.a in Frameworks */,
			);
			runOnlyForDeploymentPostprocessing = 0;
		};
		E803380625BEBE36008580CA /* Frameworks */ = {
			isa = PBXFrameworksBuildPhase;
			buildActionMask = 2147483647;
			files = (
				516E5EB803959A1A9A0790D7 /* libPods-Woofriend-WoofriendUITests.a in Frameworks */,
			);
			runOnlyForDeploymentPostprocessing = 0;
		};
/* End PBXFrameworksBuildPhase section */

/* Begin PBXGroup section */
		001164F4F2A2A852317CF7E5 /* Frameworks */ = {
			isa = PBXGroup;
			children = (
				7609B4FF6F81E048E30762B0 /* libPods-Woofriend.a */,
				48FAA74292C2A29EC8486AF7 /* libPods-Woofriend-WoofriendUITests.a */,
				46A6B061731BBDA82E7E5CE0 /* libPods-WoofriendTests.a */,
			);
			name = Frameworks;
			sourceTree = "<group>";
		};
		E2710CCC056B7B8DBB6799D6 /* Pods */ = {
			isa = PBXGroup;
			children = (
				B09272E57C9BFC1751A5BF2D /* Pods-Woofriend.debug.xcconfig */,
				4A5D66928C143E89B1DEC1F5 /* Pods-Woofriend.release.xcconfig */,
				93A5586BE55B323D5A7BC9DC /* Pods-Woofriend-WoofriendUITests.debug.xcconfig */,
				CE33E6A44E5F01F2402DAFCA /* Pods-Woofriend-WoofriendUITests.release.xcconfig */,
				E910FF1BD6DCD532FEA110AF /* Pods-WoofriendTests.debug.xcconfig */,
				1021EC999F8855FD078DF99C /* Pods-WoofriendTests.release.xcconfig */,
			);
			path = Pods;
			sourceTree = "<group>";
		};
		E80337DC25BEBE34008580CA = {
			isa = PBXGroup;
			children = (
				E80337E725BEBE34008580CA /* Woofriend */,
				E803380125BEBE36008580CA /* WoofriendTests */,
				E803380C25BEBE36008580CA /* WoofriendUITests */,
				E80337E625BEBE34008580CA /* Products */,
				E2710CCC056B7B8DBB6799D6 /* Pods */,
				001164F4F2A2A852317CF7E5 /* Frameworks */,
			);
			sourceTree = "<group>";
		};
		E80337E625BEBE34008580CA /* Products */ = {
			isa = PBXGroup;
			children = (
				E80337E525BEBE34008580CA /* Woofriend.app */,
				E80337FE25BEBE36008580CA /* WoofriendTests.xctest */,
				E803380925BEBE36008580CA /* WoofriendUITests.xctest */,
			);
			name = Products;
			sourceTree = "<group>";
		};
		E80337E725BEBE34008580CA /* Woofriend */ = {
			isa = PBXGroup;
			children = (
				E831A1FA25F8EDED00D21451 /* Model */,
				E831A18925F8DEB700D21451 /* Services */,
				E831A18325F8DD6800D21451 /* Repositories */,
				E831A0B525F8C39900D21451 /* Manager */,
				E818FE0925DD3F8E0035E306 /* Extension */,
				E818FDF225DD38550035E306 /* Utility */,
				E818FC9925DCE9880035E306 /* AppStart */,
				E818FC8725DCE4B60035E306 /* RIBs */,
				E818FE0325DD39DA0035E306 /* View */,
				E80337F425BEBE36008580CA /* Assets.xcassets */,
				E80337F625BEBE36008580CA /* LaunchScreen.storyboard */,
				E853285725FA340000283405 /* GoogleService-Info.plist */,
				E80337F925BEBE36008580CA /* Info.plist */,
				E80337F125BEBE34008580CA /* woofriend.xcdatamodeld */,
			);
			path = Woofriend;
			sourceTree = "<group>";
		};
		E803380125BEBE36008580CA /* WoofriendTests */ = {
			isa = PBXGroup;
			children = (
				E803380225BEBE36008580CA /* woofriendTests.swift */,
				E803380425BEBE36008580CA /* Info.plist */,
			);
			path = WoofriendTests;
			sourceTree = "<group>";
		};
		E803380C25BEBE36008580CA /* WoofriendUITests */ = {
			isa = PBXGroup;
			children = (
				E803380D25BEBE36008580CA /* woofriendUITests.swift */,
				E803380F25BEBE36008580CA /* Info.plist */,
			);
			path = WoofriendUITests;
			sourceTree = "<group>";
		};
		E818FC8725DCE4B60035E306 /* RIBs */ = {
			isa = PBXGroup;
			children = (
				E818FC8A25DCE61F0035E306 /* Root */,
				E818FD2325DCF4B70035E306 /* LoggedOut */,
				E872879D25DE7694005575BF /* SignUp */,
				E818FD2A25DD04540035E306 /* Main */,
			);
			path = RIBs;
			sourceTree = "<group>";
		};
		E818FC8A25DCE61F0035E306 /* Root */ = {
			isa = PBXGroup;
			children = (
				E818FD5B25DD0E1E0035E306 /* Dependency */,
				E818FCDF25DCEF910035E306 /* RootRouter.swift */,
				E818FCE025DCEF910035E306 /* RootViewController.swift */,
				E818FCE125DCEF910035E306 /* RootBuilder.swift */,
				E818FCE225DCEF910035E306 /* RootInteractor.swift */,
			);
			path = Root;
			sourceTree = "<group>";
		};
		E818FC9925DCE9880035E306 /* AppStart */ = {
			isa = PBXGroup;
			children = (
				E80337E825BEBE34008580CA /* AppDelegate.swift */,
				E818FC9A25DCE9A60035E306 /* AppComponent.swift */,
			);
			path = AppStart;
			sourceTree = "<group>";
		};
		E818FD2325DCF4B70035E306 /* LoggedOut */ = {
			isa = PBXGroup;
			children = (
				E818FD2C25DD06860035E306 /* LoggedOutRouter.swift */,
				E818FD2D25DD06860035E306 /* LoggedOutViewController.swift */,
				E818FD2E25DD06860035E306 /* LoggedOutBuilder.swift */,
				E818FD2F25DD06860035E306 /* LoggedOutInteractor.swift */,
				E818FD5525DD0CB30035E306 /* LoggedOutViewController.storyboard */,
			);
			path = LoggedOut;
			sourceTree = "<group>";
		};
		E818FD2A25DD04540035E306 /* Main */ = {
			isa = PBXGroup;
			children = (
				E818FD3A25DD06B00035E306 /* MainRouter.swift */,
				E818FD3B25DD06B00035E306 /* MainViewController.swift */,
				E818FD3C25DD06B00035E306 /* MainBuilder.swift */,
				E818FD3D25DD06B00035E306 /* MainInteractor.swift */,
			);
			path = Main;
			sourceTree = "<group>";
		};
		E818FD5B25DD0E1E0035E306 /* Dependency */ = {
			isa = PBXGroup;
			children = (
				E818FDED25DD37250035E306 /* RootLoggedOut.swift */,
			);
			path = Dependency;
			sourceTree = "<group>";
		};
		E818FDF225DD38550035E306 /* Utility */ = {
			isa = PBXGroup;
			children = (
				E831A1BF25F8E9BA00D21451 /* Logger */,
				E818FDFB25DD39390035E306 /* Storyboard.swift */,
				E818FE4825DD4F1A0035E306 /* PopUpViewController.swift */,
				E818FE4925DD4F1A0035E306 /* PopUpView.xib */,
				E818FE4F25DD673D0035E306 /* PopUpViewController.storyboard */,
				E818FE5425DD694E0035E306 /* PopUpView.swift */,
			);
			path = Utility;
			sourceTree = "<group>";
		};
		E818FE0325DD39DA0035E306 /* View */ = {
			isa = PBXGroup;
			children = (
				E818FE0425DD39EC0035E306 /* BaseViewController.swift */,
				E8D3E02225E21AD3008B87FA /* BaseCollectionViewCell.swift */,
			);
			path = View;
			sourceTree = "<group>";
		};
		E818FE0925DD3F8E0035E306 /* Extension */ = {
			isa = PBXGroup;
			children = (
				E831A17825F8D84B00D21451 /* MoyaProvider+Rx.swift */,
				E831A17925F8D84B00D21451 /* Single+Response.swift */,
				E818FE0A25DD3FB30035E306 /* UIViewController+Extension.swift */,
				E87287B425DE8577005575BF /* UINavigationContoller+Extension.swift */,
				E872880425DEAAEE005575BF /* UIView+Extension.swift */,
				E8A1340D25E4B9DA00C7E1EC /* UIApplication+Extension.swift */,
				E849085525F9A475006A9E6A /* Encodable+Extension.swift */,
				E860255725F9BD0F0068D243 /* UITextField+Extension.swift */,
				E89B4FD02607161100C25C3E /* Array+Extension.swift */,
			);
			path = Extension;
			sourceTree = "<group>";
		};
		E831A0B525F8C39900D21451 /* Manager */ = {
			isa = PBXGroup;
			children = (
				E831A0B625F8C3B700D21451 /* APIManager.swift */,
			);
			path = Manager;
			sourceTree = "<group>";
		};
		E831A18325F8DD6800D21451 /* Repositories */ = {
			isa = PBXGroup;
			children = (
				E831A18425F8DD9F00D21451 /* TestRepositoy.swift */,
				E831A19225F8E47400D21451 /* TestRespone.swift */,
			);
			path = Repositories;
			sourceTree = "<group>";
		};
		E831A18925F8DEB700D21451 /* Services */ = {
			isa = PBXGroup;
			children = (
				E831A18A25F8DECB00D21451 /* NaverLoginService.swift */,
			);
			path = Services;
			sourceTree = "<group>";
		};
		E831A1BF25F8E9BA00D21451 /* Logger */ = {
			isa = PBXGroup;
			children = (
				E831A1C025F8E9D700D21451 /* LogFormatter.swift */,
				E831A1C825F8E9DE00D21451 /* Logger.swift */,
				E831A1CD25F8E9F300D21451 /* DDLogFlag.swift */,
			);
			path = Logger;
			sourceTree = "<group>";
		};
		E831A1FA25F8EDED00D21451 /* Model */ = {
			isa = PBXGroup;
			children = (
				E831A1FB25F8EDFF00D21451 /* NaverInfo.swift */,
			);
			path = Model;
			sourceTree = "<group>";
		};
		E849084725F9A2F9006A9E6A /* Model */ = {
			isa = PBXGroup;
			children = (
				E849084825F9A31C006A9E6A /* DogProfile.swift */,
				E860257625F9FC7B0068D243 /* DogBread.swift */,
				E80546E026010ECF008912B4 /* DogAttitude.swift */,
				E8FB107E2604E07C003858F4 /* MyProfile.swift */,
			);
			path = Model;
			sourceTree = "<group>";
		};
		E84AFF4E26003066007D980A /* DogProfile */ = {
			isa = PBXGroup;
			children = (
			);
			path = DogProfile;
			sourceTree = "<group>";
		};
		E84AFF4F260030C3007D980A /* DogProfile */ = {
			isa = PBXGroup;
			children = (
				E84AFF5A26003102007D980A /* DogProfileBuilder.swift */,
				E84AFF5826003102007D980A /* DogProfileRouter.swift */,
				E84AFF5926003102007D980A /* DogProfileViewController.swift */,
				E84AFF5B26003102007D980A /* DogProfileInteractor.swift */,
				E84AFF6326003117007D980A /* DogProfileViewController.xib */,
			);
			path = DogProfile;
			sourceTree = "<group>";
		};
		E84AFF8E2600954E007D980A /* DogBread */ = {
			isa = PBXGroup;
			children = (
				E84AFF8F26009562007D980A /* DogBreadRouter.swift */,
				E84AFF9026009562007D980A /* DogBreadViewController.swift */,
				E84AFF9126009562007D980A /* DogBreadBuilder.swift */,
				E84AFF9226009562007D980A /* DogBreadInteractor.swift */,
				E84AFF9D2600957D007D980A /* DogBreadViewController.xib */,
			);
			path = DogBread;
			sourceTree = "<group>";
		};
		E84AFFA226009D02007D980A /* DogAttitude */ = {
			isa = PBXGroup;
			children = (
				E84AFFDF2600CFF8007D980A /* DogAttitudeRouter.swift */,
				E84AFFE02600CFF8007D980A /* DogAttitudeViewController.swift */,
				E84AFFE12600CFF8007D980A /* DogAttitudeBuilder.swift */,
				E84AFFE22600CFF8007D980A /* DogAttitudeInteractor.swift */,
				E84AFFEA2600D010007D980A /* DogAttitudeViewController.xib */,
			);
			path = DogAttitude;
			sourceTree = "<group>";
		};
		E860258325FA1C600068D243 /* Cell */ = {
			isa = PBXGroup;
			children = (
				E860258725FA1F9B0068D243 /* DogBreadTableViewCell.swift */,
			);
			path = Cell;
			sourceTree = "<group>";
		};
		E8659FA125F912FD0036A2AF /* Cell */ = {
			isa = PBXGroup;
			children = (
				E8FB10292604ADBC003858F4 /* PhotoAddCell.xib */,
				E8659FAF25F912FD0036A2AF /* PhotoAddCell.swift */,
			);
			path = Cell;
			sourceTree = "<group>";
		};
		E8659FC525F9130E0036A2AF /* SubRibs */ = {
			isa = PBXGroup;
			children = (
				E8D174A8260111B500C271EC /* MyIntro */,
				E8D1752326011FA100C271EC /* MyInfo */,
				E8D174A7260111A500C271EC /* DogPhoto */,
				E84AFFA226009D02007D980A /* DogAttitude */,
				E84AFF8E2600954E007D980A /* DogBread */,
				E84AFF4F260030C3007D980A /* DogProfile */,
				E8659FC625F9130E0036A2AF /* DirectLocal */,
				E8659FCC25F9130E0036A2AF /* DirectBreed */,
				E8659FD225F9130E0036A2AF /* SearchLocal  */,
				E8659FD825F9130E0036A2AF /* SearchDogBreeds */,
			);
			path = SubRibs;
			sourceTree = "<group>";
		};
		E8659FC625F9130E0036A2AF /* DirectLocal */ = {
			isa = PBXGroup;
			children = (
				E8659FC725F9130E0036A2AF /* DirectLocalBuilder.swift */,
				E8659FC825F9130E0036A2AF /* DirectLocalRouter.swift */,
				E8659FC925F9130E0036A2AF /* DirectLocalInteractor.swift */,
				E8659FCA25F9130E0036A2AF /* DirectLocalViewController.swift */,
				E8FB10432604B2A5003858F4 /* DirectLocalViewController.xib */,
			);
			path = DirectLocal;
			sourceTree = "<group>";
		};
		E8659FCC25F9130E0036A2AF /* DirectBreed */ = {
			isa = PBXGroup;
			children = (
				E8659FCE25F9130E0036A2AF /* DirectBreedRouter.swift */,
				E8659FCF25F9130E0036A2AF /* DirectBreedViewController.swift */,
				E8659FD025F9130E0036A2AF /* DirectBreedBuilder.swift */,
				E8659FD125F9130E0036A2AF /* DirectBreedInteractor.swift */,
				E8FB10062604984B003858F4 /* DirectBreedViewController.xib */,
			);
			path = DirectBreed;
			sourceTree = "<group>";
		};
		E8659FD225F9130E0036A2AF /* SearchLocal  */ = {
			isa = PBXGroup;
			children = (
				E8659FD325F9130E0036A2AF /* SearchLocalRouter.swift */,
				E8659FD425F9130E0036A2AF /* SearchLocalBuilder.swift */,
				E8659FD525F9130E0036A2AF /* SearchLocalInteractor.swift */,
				E8659FD725F9130E0036A2AF /* SearchLocalViewController.swift */,
				E8FB10142604A970003858F4 /* SearchLocalViewController.xib */,
			);
			path = "SearchLocal ";
			sourceTree = "<group>";
		};
		E8659FD825F9130E0036A2AF /* SearchDogBreeds */ = {
			isa = PBXGroup;
			children = (
				E860258325FA1C600068D243 /* Cell */,
				E8659FD925F9130E0036A2AF /* SearchDogBreedsViewController.storyboard */,
				E8659FDA25F9130E0036A2AF /* SearchDogBreedsRouter.swift */,
				E8659FDB25F9130E0036A2AF /* SearchDogBreedsViewController.swift */,
				E8659FDC25F9130E0036A2AF /* SearchDogBreedsInteractor.swift */,
				E8659FDD25F9130E0036A2AF /* SearchDogBreedsBuilder.swift */,
			);
			path = SearchDogBreeds;
			sourceTree = "<group>";
		};
		E8659FF825F913190036A2AF /* Xib */ = {
			isa = PBXGroup;
			children = (
				E84AFF4E26003066007D980A /* DogProfile */,
				E8659FF925F913190036A2AF /* OtherDogsInfoPopupView.xib */,
				E8659FFA25F913190036A2AF /* OtherDogsInfoPopupView.swift */,
			);
			path = Xib;
			sourceTree = "<group>";
		};
		E872879D25DE7694005575BF /* SignUp */ = {
			isa = PBXGroup;
			children = (
				E849084725F9A2F9006A9E6A /* Model */,
				E8659FF825F913190036A2AF /* Xib */,
				E8659FC525F9130E0036A2AF /* SubRibs */,
				E8659FA125F912FD0036A2AF /* Cell */,
				E872879E25DE76AD005575BF /* SignUpRouter.swift */,
				E87287A025DE76AD005575BF /* SignUpBuilder.swift */,
				E87287A125DE76AD005575BF /* SignUpInteractor.swift */,
				E8FB10862604F723003858F4 /* SignUpViewController.xib */,
			);
			path = SignUp;
			sourceTree = "<group>";
		};
		E8D174A7260111A500C271EC /* DogPhoto */ = {
			isa = PBXGroup;
			children = (
				E8D174A9260111D600C271EC /* DogPhotoViewController.xib */,
				E8D174AE260111E800C271EC /* DogPhotoRouter.swift */,
				E8D174AF260111E800C271EC /* DogPhotoViewController.swift */,
				E8D174B0260111E800C271EC /* DogPhotoBuilder.swift */,
				E8D174B1260111E800C271EC /* DogPhotoInteractor.swift */,
			);
			path = DogPhoto;
			sourceTree = "<group>";
		};
		E8D174A8260111B500C271EC /* MyIntro */ = {
			isa = PBXGroup;
			children = (
				E8D174B9260111F400C271EC /* MyIntroRouter.swift */,
				E8D174BA260111F400C271EC /* MyIntroViewController.swift */,
				E8D174BB260111F400C271EC /* MyIntroBuilder.swift */,
				E8D174BC260111F400C271EC /* MyIntroInteractor.swift */,
				E8D174C4260111FF00C271EC /* MyIntroViewController.xib */,
			);
			path = MyIntro;
			sourceTree = "<group>";
		};
		E8D1752326011FA100C271EC /* MyInfo */ = {
			isa = PBXGroup;
			children = (
				E8D1752426011FB900C271EC /* MyInfoRouter.swift */,
				E8D1752526011FB900C271EC /* MyInfoViewController.swift */,
				E8D1752626011FB900C271EC /* MyInfoBuilder.swift */,
				E8D1752726011FB900C271EC /* MyInfoInteractor.swift */,
				E8D1753226011FC900C271EC /* MyInfoViewController.xib */,
			);
			path = MyInfo;
			sourceTree = "<group>";
		};
/* End PBXGroup section */

/* Begin PBXNativeTarget section */
		E80337E425BEBE34008580CA /* Woofriend */ = {
			isa = PBXNativeTarget;
			buildConfigurationList = E803381225BEBE36008580CA /* Build configuration list for PBXNativeTarget "Woofriend" */;
			buildPhases = (
				471665A54EFCDFEC2F03344F /* [CP] Check Pods Manifest.lock */,
				E80337E125BEBE34008580CA /* Sources */,
				E80337E225BEBE34008580CA /* Frameworks */,
				E80337E325BEBE34008580CA /* Resources */,
				18408917F1774F422D30C247 /* [CP] Embed Pods Frameworks */,
				6251941F15105FFCCE989308 /* [CP] Copy Pods Resources */,
			);
			buildRules = (
			);
			dependencies = (
			);
			name = Woofriend;
			productName = woofriend;
			productReference = E80337E525BEBE34008580CA /* Woofriend.app */;
			productType = "com.apple.product-type.application";
		};
		E80337FD25BEBE36008580CA /* WoofriendTests */ = {
			isa = PBXNativeTarget;
			buildConfigurationList = E803381525BEBE36008580CA /* Build configuration list for PBXNativeTarget "WoofriendTests" */;
			buildPhases = (
				76B30F7636C78B52BAAB70FA /* [CP] Check Pods Manifest.lock */,
				E80337FA25BEBE36008580CA /* Sources */,
				E80337FB25BEBE36008580CA /* Frameworks */,
				E80337FC25BEBE36008580CA /* Resources */,
			);
			buildRules = (
			);
			dependencies = (
				E803380025BEBE36008580CA /* PBXTargetDependency */,
			);
			name = WoofriendTests;
			productName = woofriendTests;
			productReference = E80337FE25BEBE36008580CA /* WoofriendTests.xctest */;
			productType = "com.apple.product-type.bundle.unit-test";
		};
		E803380825BEBE36008580CA /* WoofriendUITests */ = {
			isa = PBXNativeTarget;
			buildConfigurationList = E803381825BEBE36008580CA /* Build configuration list for PBXNativeTarget "WoofriendUITests" */;
			buildPhases = (
				6891AC7597E8E08300D861A1 /* [CP] Check Pods Manifest.lock */,
				E803380525BEBE36008580CA /* Sources */,
				E803380625BEBE36008580CA /* Frameworks */,
				E803380725BEBE36008580CA /* Resources */,
				14A0A81EDB9E3645AA48AE38 /* [CP] Embed Pods Frameworks */,
				64662DBD4074C00AE508BDE7 /* [CP] Copy Pods Resources */,
			);
			buildRules = (
			);
			dependencies = (
				E803380B25BEBE36008580CA /* PBXTargetDependency */,
			);
			name = WoofriendUITests;
			productName = woofriendUITests;
			productReference = E803380925BEBE36008580CA /* WoofriendUITests.xctest */;
			productType = "com.apple.product-type.bundle.ui-testing";
		};
/* End PBXNativeTarget section */

/* Begin PBXProject section */
		E80337DD25BEBE34008580CA /* Project object */ = {
			isa = PBXProject;
			attributes = {
				LastSwiftUpdateCheck = 1230;
				LastUpgradeCheck = 1230;
				TargetAttributes = {
					E80337E425BEBE34008580CA = {
						CreatedOnToolsVersion = 12.3;
					};
					E80337FD25BEBE36008580CA = {
						CreatedOnToolsVersion = 12.3;
						TestTargetID = E80337E425BEBE34008580CA;
					};
					E803380825BEBE36008580CA = {
						CreatedOnToolsVersion = 12.3;
						TestTargetID = E80337E425BEBE34008580CA;
					};
				};
			};
			buildConfigurationList = E80337E025BEBE34008580CA /* Build configuration list for PBXProject "Woofriend" */;
			compatibilityVersion = "Xcode 9.3";
			developmentRegion = en;
			hasScannedForEncodings = 0;
			knownRegions = (
				en,
				Base,
			);
			mainGroup = E80337DC25BEBE34008580CA;
			productRefGroup = E80337E625BEBE34008580CA /* Products */;
			projectDirPath = "";
			projectRoot = "";
			targets = (
				E80337E425BEBE34008580CA /* Woofriend */,
				E80337FD25BEBE36008580CA /* WoofriendTests */,
				E803380825BEBE36008580CA /* WoofriendUITests */,
			);
		};
/* End PBXProject section */

/* Begin PBXResourcesBuildPhase section */
		E80337E325BEBE34008580CA /* Resources */ = {
			isa = PBXResourcesBuildPhase;
			buildActionMask = 2147483647;
			files = (
				E8D1753326011FC900C271EC /* MyInfoViewController.xib in Resources */,
				E8D174C5260111FF00C271EC /* MyIntroViewController.xib in Resources */,
				E8D174AA260111D600C271EC /* DogPhotoViewController.xib in Resources */,
				E8FB10382604ADBC003858F4 /* PhotoAddCell.xib in Resources */,
				E80337F825BEBE36008580CA /* LaunchScreen.storyboard in Resources */,
				E8FB10152604A970003858F4 /* SearchLocalViewController.xib in Resources */,
				E84AFF6426003117007D980A /* DogProfileViewController.xib in Resources */,
				E818FE4B25DD4F1A0035E306 /* PopUpView.xib in Resources */,
				E818FE5025DD673D0035E306 /* PopUpViewController.storyboard in Resources */,
				E84AFFEB2600D010007D980A /* DogAttitudeViewController.xib in Resources */,
				E818FD5625DD0CB30035E306 /* LoggedOutViewController.storyboard in Resources */,
				E8FB10442604B2A5003858F4 /* DirectLocalViewController.xib in Resources */,
				E8659FFB25F913190036A2AF /* OtherDogsInfoPopupView.xib in Resources */,
				E8659FED25F9130E0036A2AF /* SearchDogBreedsViewController.storyboard in Resources */,
				E8FB10072604984B003858F4 /* DirectBreedViewController.xib in Resources */,
				E8FB10872604F723003858F4 /* SignUpViewController.xib in Resources */,
				E84AFF9E2600957D007D980A /* DogBreadViewController.xib in Resources */,
				E853285825FA340000283405 /* GoogleService-Info.plist in Resources */,
				E80337F525BEBE36008580CA /* Assets.xcassets in Resources */,
			);
			runOnlyForDeploymentPostprocessing = 0;
		};
		E80337FC25BEBE36008580CA /* Resources */ = {
			isa = PBXResourcesBuildPhase;
			buildActionMask = 2147483647;
			files = (
			);
			runOnlyForDeploymentPostprocessing = 0;
		};
		E803380725BEBE36008580CA /* Resources */ = {
			isa = PBXResourcesBuildPhase;
			buildActionMask = 2147483647;
			files = (
			);
			runOnlyForDeploymentPostprocessing = 0;
		};
/* End PBXResourcesBuildPhase section */

/* Begin PBXShellScriptBuildPhase section */
		14A0A81EDB9E3645AA48AE38 /* [CP] Embed Pods Frameworks */ = {
			isa = PBXShellScriptBuildPhase;
			buildActionMask = 2147483647;
			files = (
			);
			inputFileListPaths = (
				"${PODS_ROOT}/Target Support Files/Pods-Woofriend-WoofriendUITests/Pods-Woofriend-WoofriendUITests-frameworks-${CONFIGURATION}-input-files.xcfilelist",
			);
			name = "[CP] Embed Pods Frameworks";
			outputFileListPaths = (
				"${PODS_ROOT}/Target Support Files/Pods-Woofriend-WoofriendUITests/Pods-Woofriend-WoofriendUITests-frameworks-${CONFIGURATION}-output-files.xcfilelist",
			);
			runOnlyForDeploymentPostprocessing = 0;
			shellPath = /bin/sh;
			shellScript = "\"${PODS_ROOT}/Target Support Files/Pods-Woofriend-WoofriendUITests/Pods-Woofriend-WoofriendUITests-frameworks.sh\"\n";
			showEnvVarsInLog = 0;
		};
		18408917F1774F422D30C247 /* [CP] Embed Pods Frameworks */ = {
			isa = PBXShellScriptBuildPhase;
			buildActionMask = 2147483647;
			files = (
			);
			inputFileListPaths = (
				"${PODS_ROOT}/Target Support Files/Pods-Woofriend/Pods-Woofriend-frameworks-${CONFIGURATION}-input-files.xcfilelist",
			);
			name = "[CP] Embed Pods Frameworks";
			outputFileListPaths = (
				"${PODS_ROOT}/Target Support Files/Pods-Woofriend/Pods-Woofriend-frameworks-${CONFIGURATION}-output-files.xcfilelist",
			);
			runOnlyForDeploymentPostprocessing = 0;
			shellPath = /bin/sh;
			shellScript = "\"${PODS_ROOT}/Target Support Files/Pods-Woofriend/Pods-Woofriend-frameworks.sh\"\n";
			showEnvVarsInLog = 0;
		};
		471665A54EFCDFEC2F03344F /* [CP] Check Pods Manifest.lock */ = {
			isa = PBXShellScriptBuildPhase;
			buildActionMask = 2147483647;
			files = (
			);
			inputFileListPaths = (
			);
			inputPaths = (
				"${PODS_PODFILE_DIR_PATH}/Podfile.lock",
				"${PODS_ROOT}/Manifest.lock",
			);
			name = "[CP] Check Pods Manifest.lock";
			outputFileListPaths = (
			);
			outputPaths = (
				"$(DERIVED_FILE_DIR)/Pods-Woofriend-checkManifestLockResult.txt",
			);
			runOnlyForDeploymentPostprocessing = 0;
			shellPath = /bin/sh;
			shellScript = "diff \"${PODS_PODFILE_DIR_PATH}/Podfile.lock\" \"${PODS_ROOT}/Manifest.lock\" > /dev/null\nif [ $? != 0 ] ; then\n    # print error to STDERR\n    echo \"error: The sandbox is not in sync with the Podfile.lock. Run 'pod install' or update your CocoaPods installation.\" >&2\n    exit 1\nfi\n# This output is used by Xcode 'outputs' to avoid re-running this script phase.\necho \"SUCCESS\" > \"${SCRIPT_OUTPUT_FILE_0}\"\n";
			showEnvVarsInLog = 0;
		};
		6251941F15105FFCCE989308 /* [CP] Copy Pods Resources */ = {
			isa = PBXShellScriptBuildPhase;
			buildActionMask = 2147483647;
			files = (
			);
			inputFileListPaths = (
				"${PODS_ROOT}/Target Support Files/Pods-Woofriend/Pods-Woofriend-resources-${CONFIGURATION}-input-files.xcfilelist",
			);
			name = "[CP] Copy Pods Resources";
			outputFileListPaths = (
				"${PODS_ROOT}/Target Support Files/Pods-Woofriend/Pods-Woofriend-resources-${CONFIGURATION}-output-files.xcfilelist",
			);
			runOnlyForDeploymentPostprocessing = 0;
			shellPath = /bin/sh;
			shellScript = "\"${PODS_ROOT}/Target Support Files/Pods-Woofriend/Pods-Woofriend-resources.sh\"\n";
			showEnvVarsInLog = 0;
		};
		64662DBD4074C00AE508BDE7 /* [CP] Copy Pods Resources */ = {
			isa = PBXShellScriptBuildPhase;
			buildActionMask = 2147483647;
			files = (
			);
			inputFileListPaths = (
				"${PODS_ROOT}/Target Support Files/Pods-Woofriend-WoofriendUITests/Pods-Woofriend-WoofriendUITests-resources-${CONFIGURATION}-input-files.xcfilelist",
			);
			name = "[CP] Copy Pods Resources";
			outputFileListPaths = (
				"${PODS_ROOT}/Target Support Files/Pods-Woofriend-WoofriendUITests/Pods-Woofriend-WoofriendUITests-resources-${CONFIGURATION}-output-files.xcfilelist",
			);
			runOnlyForDeploymentPostprocessing = 0;
			shellPath = /bin/sh;
			shellScript = "\"${PODS_ROOT}/Target Support Files/Pods-Woofriend-WoofriendUITests/Pods-Woofriend-WoofriendUITests-resources.sh\"\n";
			showEnvVarsInLog = 0;
		};
		6891AC7597E8E08300D861A1 /* [CP] Check Pods Manifest.lock */ = {
			isa = PBXShellScriptBuildPhase;
			buildActionMask = 2147483647;
			files = (
			);
			inputFileListPaths = (
			);
			inputPaths = (
				"${PODS_PODFILE_DIR_PATH}/Podfile.lock",
				"${PODS_ROOT}/Manifest.lock",
			);
			name = "[CP] Check Pods Manifest.lock";
			outputFileListPaths = (
			);
			outputPaths = (
				"$(DERIVED_FILE_DIR)/Pods-Woofriend-WoofriendUITests-checkManifestLockResult.txt",
			);
			runOnlyForDeploymentPostprocessing = 0;
			shellPath = /bin/sh;
			shellScript = "diff \"${PODS_PODFILE_DIR_PATH}/Podfile.lock\" \"${PODS_ROOT}/Manifest.lock\" > /dev/null\nif [ $? != 0 ] ; then\n    # print error to STDERR\n    echo \"error: The sandbox is not in sync with the Podfile.lock. Run 'pod install' or update your CocoaPods installation.\" >&2\n    exit 1\nfi\n# This output is used by Xcode 'outputs' to avoid re-running this script phase.\necho \"SUCCESS\" > \"${SCRIPT_OUTPUT_FILE_0}\"\n";
			showEnvVarsInLog = 0;
		};
		76B30F7636C78B52BAAB70FA /* [CP] Check Pods Manifest.lock */ = {
			isa = PBXShellScriptBuildPhase;
			buildActionMask = 2147483647;
			files = (
			);
			inputFileListPaths = (
			);
			inputPaths = (
				"${PODS_PODFILE_DIR_PATH}/Podfile.lock",
				"${PODS_ROOT}/Manifest.lock",
			);
			name = "[CP] Check Pods Manifest.lock";
			outputFileListPaths = (
			);
			outputPaths = (
				"$(DERIVED_FILE_DIR)/Pods-WoofriendTests-checkManifestLockResult.txt",
			);
			runOnlyForDeploymentPostprocessing = 0;
			shellPath = /bin/sh;
			shellScript = "diff \"${PODS_PODFILE_DIR_PATH}/Podfile.lock\" \"${PODS_ROOT}/Manifest.lock\" > /dev/null\nif [ $? != 0 ] ; then\n    # print error to STDERR\n    echo \"error: The sandbox is not in sync with the Podfile.lock. Run 'pod install' or update your CocoaPods installation.\" >&2\n    exit 1\nfi\n# This output is used by Xcode 'outputs' to avoid re-running this script phase.\necho \"SUCCESS\" > \"${SCRIPT_OUTPUT_FILE_0}\"\n";
			showEnvVarsInLog = 0;
		};
/* End PBXShellScriptBuildPhase section */

/* Begin PBXSourcesBuildPhase section */
		E80337E125BEBE34008580CA /* Sources */ = {
			isa = PBXSourcesBuildPhase;
			buildActionMask = 2147483647;
			files = (
				E818FE5525DD694E0035E306 /* PopUpView.swift in Sources */,
				E818FD3325DD06860035E306 /* LoggedOutInteractor.swift in Sources */,
				E818FD3F25DD06B00035E306 /* MainViewController.swift in Sources */,
				E8D1752926011FB900C271EC /* MyInfoViewController.swift in Sources */,
				E8D174BD260111F400C271EC /* MyIntroRouter.swift in Sources */,
				E860258825FA1F9B0068D243 /* DogBreadTableViewCell.swift in Sources */,
				E84AFFE52600CFF8007D980A /* DogAttitudeBuilder.swift in Sources */,
				E849084925F9A31C006A9E6A /* DogProfile.swift in Sources */,
				E831A1C925F8E9DE00D21451 /* Logger.swift in Sources */,
				E8D1752B26011FB900C271EC /* MyInfoInteractor.swift in Sources */,
				E8D174BF260111F400C271EC /* MyIntroBuilder.swift in Sources */,
				E8659FE725F9130E0036A2AF /* DirectBreedInteractor.swift in Sources */,
				E8D1752A26011FB900C271EC /* MyInfoBuilder.swift in Sources */,
				E8A1340E25E4B9DA00C7E1EC /* UIApplication+Extension.swift in Sources */,
				E8659FE025F9130E0036A2AF /* DirectLocalInteractor.swift in Sources */,
				E818FCE425DCEF910035E306 /* RootViewController.swift in Sources */,
				E8659FE425F9130E0036A2AF /* DirectBreedRouter.swift in Sources */,
				E8D174B2260111E800C271EC /* DogPhotoRouter.swift in Sources */,
				E8D174B3260111E800C271EC /* DogPhotoViewController.swift in Sources */,
				E8FB107F2604E07C003858F4 /* MyProfile.swift in Sources */,
				E8659FE125F9130E0036A2AF /* DirectLocalViewController.swift in Sources */,
				E8659FFC25F913190036A2AF /* OtherDogsInfoPopupView.swift in Sources */,
				E8659FDF25F9130E0036A2AF /* DirectLocalRouter.swift in Sources */,
				E818FCE325DCEF910035E306 /* RootRouter.swift in Sources */,
				E818FD3225DD06860035E306 /* LoggedOutBuilder.swift in Sources */,
				E831A1CE25F8E9F300D21451 /* DDLogFlag.swift in Sources */,
				E8659FF125F9130E0036A2AF /* SearchDogBreedsBuilder.swift in Sources */,
				E8659FDE25F9130E0036A2AF /* DirectLocalBuilder.swift in Sources */,
				E84AFF5E26003102007D980A /* DogProfileBuilder.swift in Sources */,
				E8D174B4260111E800C271EC /* DogPhotoBuilder.swift in Sources */,
				E8659FEE25F9130E0036A2AF /* SearchDogBreedsRouter.swift in Sources */,
				E8659FE625F9130E0036A2AF /* DirectBreedBuilder.swift in Sources */,
				E8659FEF25F9130E0036A2AF /* SearchDogBreedsViewController.swift in Sources */,
				E8659FEC25F9130E0036A2AF /* SearchLocalViewController.swift in Sources */,
				E818FE0525DD39EC0035E306 /* BaseViewController.swift in Sources */,
				E87287A525DE76AD005575BF /* SignUpInteractor.swift in Sources */,
				E818FCE625DCEF910035E306 /* RootInteractor.swift in Sources */,
				E84AFF9426009562007D980A /* DogBreadViewController.swift in Sources */,
				E84AFFE62600CFF8007D980A /* DogAttitudeInteractor.swift in Sources */,
				E84AFF5C26003102007D980A /* DogProfileRouter.swift in Sources */,
				E818FD3E25DD06B00035E306 /* MainRouter.swift in Sources */,
				E8659FE525F9130E0036A2AF /* DirectBreedViewController.swift in Sources */,
				E8659FF025F9130E0036A2AF /* SearchDogBreedsInteractor.swift in Sources */,
				E831A1FC25F8EDFF00D21451 /* NaverInfo.swift in Sources */,
				E818FE0B25DD3FB30035E306 /* UIViewController+Extension.swift in Sources */,
				E872880525DEAAEE005575BF /* UIView+Extension.swift in Sources */,
				E87287A425DE76AD005575BF /* SignUpBuilder.swift in Sources */,
				E89B4FD12607161100C25C3E /* Array+Extension.swift in Sources */,
				E831A17B25F8D84B00D21451 /* MoyaProvider+Rx.swift in Sources */,
				E818FD3025DD06860035E306 /* LoggedOutRouter.swift in Sources */,
				E818FD4125DD06B00035E306 /* MainInteractor.swift in Sources */,
				E818FC9B25DCE9A60035E306 /* AppComponent.swift in Sources */,
				E80337E925BEBE34008580CA /* AppDelegate.swift in Sources */,
				E818FD4025DD06B00035E306 /* MainBuilder.swift in Sources */,
				E84AFF9626009562007D980A /* DogBreadInteractor.swift in Sources */,
				E818FDEE25DD37250035E306 /* RootLoggedOut.swift in Sources */,
				E80546E126010ECF008912B4 /* DogAttitude.swift in Sources */,
				E831A0B725F8C3B700D21451 /* APIManager.swift in Sources */,
				E84AFFE32600CFF8007D980A /* DogAttitudeRouter.swift in Sources */,
				E87287A225DE76AD005575BF /* SignUpRouter.swift in Sources */,
				E8D174BE260111F400C271EC /* MyIntroViewController.swift in Sources */,
				E818FE4A25DD4F1A0035E306 /* PopUpViewController.swift in Sources */,
				E84AFF9326009562007D980A /* DogBreadRouter.swift in Sources */,
				E860255825F9BD0F0068D243 /* UITextField+Extension.swift in Sources */,
				E849085625F9A475006A9E6A /* Encodable+Extension.swift in Sources */,
				E84AFFE42600CFF8007D980A /* DogAttitudeViewController.swift in Sources */,
				E8659FEA25F9130E0036A2AF /* SearchLocalInteractor.swift in Sources */,
				E831A18525F8DD9F00D21451 /* TestRepositoy.swift in Sources */,
				E8D174C0260111F400C271EC /* MyIntroInteractor.swift in Sources */,
				E80337F325BEBE34008580CA /* woofriend.xcdatamodeld in Sources */,
				E84AFF5D26003102007D980A /* DogProfileViewController.swift in Sources */,
				E84AFF9526009562007D980A /* DogBreadBuilder.swift in Sources */,
				E87287B525DE8577005575BF /* UINavigationContoller+Extension.swift in Sources */,
				E860257725F9FC7B0068D243 /* DogBread.swift in Sources */,
				E818FD3125DD06860035E306 /* LoggedOutViewController.swift in Sources */,
				E8D1752826011FB900C271EC /* MyInfoRouter.swift in Sources */,
				E818FDFC25DD39390035E306 /* Storyboard.swift in Sources */,
				E831A1C125F8E9D700D21451 /* LogFormatter.swift in Sources */,
				E831A17C25F8D84B00D21451 /* Single+Response.swift in Sources */,
				E8D174B5260111E800C271EC /* DogPhotoInteractor.swift in Sources */,
				E818FCE525DCEF910035E306 /* RootBuilder.swift in Sources */,
				E8659FE925F9130E0036A2AF /* SearchLocalBuilder.swift in Sources */,
				E831A19325F8E47400D21451 /* TestRespone.swift in Sources */,
				E84AFF5F26003102007D980A /* DogProfileInteractor.swift in Sources */,
				E8659FBF25F912FD0036A2AF /* PhotoAddCell.swift in Sources */,
				E831A18B25F8DECB00D21451 /* NaverLoginService.swift in Sources */,
				E8659FE825F9130E0036A2AF /* SearchLocalRouter.swift in Sources */,
				E8D3E02325E21AD3008B87FA /* BaseCollectionViewCell.swift in Sources */,
			);
			runOnlyForDeploymentPostprocessing = 0;
		};
		E80337FA25BEBE36008580CA /* Sources */ = {
			isa = PBXSourcesBuildPhase;
			buildActionMask = 2147483647;
			files = (
				E803380325BEBE36008580CA /* woofriendTests.swift in Sources */,
			);
			runOnlyForDeploymentPostprocessing = 0;
		};
		E803380525BEBE36008580CA /* Sources */ = {
			isa = PBXSourcesBuildPhase;
			buildActionMask = 2147483647;
			files = (
				E803380E25BEBE36008580CA /* woofriendUITests.swift in Sources */,
			);
			runOnlyForDeploymentPostprocessing = 0;
		};
/* End PBXSourcesBuildPhase section */

/* Begin PBXTargetDependency section */
		E803380025BEBE36008580CA /* PBXTargetDependency */ = {
			isa = PBXTargetDependency;
			target = E80337E425BEBE34008580CA /* Woofriend */;
			targetProxy = E80337FF25BEBE36008580CA /* PBXContainerItemProxy */;
		};
		E803380B25BEBE36008580CA /* PBXTargetDependency */ = {
			isa = PBXTargetDependency;
			target = E80337E425BEBE34008580CA /* Woofriend */;
			targetProxy = E803380A25BEBE36008580CA /* PBXContainerItemProxy */;
		};
/* End PBXTargetDependency section */

/* Begin PBXVariantGroup section */
		E80337F625BEBE36008580CA /* LaunchScreen.storyboard */ = {
			isa = PBXVariantGroup;
			children = (
				E80337F725BEBE36008580CA /* Base */,
			);
			name = LaunchScreen.storyboard;
			sourceTree = "<group>";
		};
/* End PBXVariantGroup section */

/* Begin XCBuildConfiguration section */
		E803381025BEBE36008580CA /* Debug */ = {
			isa = XCBuildConfiguration;
			buildSettings = {
				ALWAYS_SEARCH_USER_PATHS = NO;
				CLANG_ANALYZER_NONNULL = YES;
				CLANG_ANALYZER_NUMBER_OBJECT_CONVERSION = YES_AGGRESSIVE;
				CLANG_CXX_LANGUAGE_STANDARD = "gnu++14";
				CLANG_CXX_LIBRARY = "libc++";
				CLANG_ENABLE_MODULES = YES;
				CLANG_ENABLE_OBJC_ARC = YES;
				CLANG_ENABLE_OBJC_WEAK = YES;
				CLANG_WARN_BLOCK_CAPTURE_AUTORELEASING = YES;
				CLANG_WARN_BOOL_CONVERSION = YES;
				CLANG_WARN_COMMA = YES;
				CLANG_WARN_CONSTANT_CONVERSION = YES;
				CLANG_WARN_DEPRECATED_OBJC_IMPLEMENTATIONS = YES;
				CLANG_WARN_DIRECT_OBJC_ISA_USAGE = YES_ERROR;
				CLANG_WARN_DOCUMENTATION_COMMENTS = YES;
				CLANG_WARN_EMPTY_BODY = YES;
				CLANG_WARN_ENUM_CONVERSION = YES;
				CLANG_WARN_INFINITE_RECURSION = YES;
				CLANG_WARN_INT_CONVERSION = YES;
				CLANG_WARN_NON_LITERAL_NULL_CONVERSION = YES;
				CLANG_WARN_OBJC_IMPLICIT_RETAIN_SELF = YES;
				CLANG_WARN_OBJC_LITERAL_CONVERSION = YES;
				CLANG_WARN_OBJC_ROOT_CLASS = YES_ERROR;
				CLANG_WARN_QUOTED_INCLUDE_IN_FRAMEWORK_HEADER = YES;
				CLANG_WARN_RANGE_LOOP_ANALYSIS = YES;
				CLANG_WARN_STRICT_PROTOTYPES = YES;
				CLANG_WARN_SUSPICIOUS_MOVE = YES;
				CLANG_WARN_UNGUARDED_AVAILABILITY = YES_AGGRESSIVE;
				CLANG_WARN_UNREACHABLE_CODE = YES;
				CLANG_WARN__DUPLICATE_METHOD_MATCH = YES;
				COPY_PHASE_STRIP = NO;
				DEBUG_INFORMATION_FORMAT = dwarf;
				ENABLE_STRICT_OBJC_MSGSEND = YES;
				ENABLE_TESTABILITY = YES;
				GCC_C_LANGUAGE_STANDARD = gnu11;
				GCC_DYNAMIC_NO_PIC = NO;
				GCC_NO_COMMON_BLOCKS = YES;
				GCC_OPTIMIZATION_LEVEL = 0;
				GCC_PREPROCESSOR_DEFINITIONS = (
					"DEBUG=1",
					"$(inherited)",
				);
				GCC_WARN_64_TO_32_BIT_CONVERSION = YES;
				GCC_WARN_ABOUT_RETURN_TYPE = YES_ERROR;
				GCC_WARN_UNDECLARED_SELECTOR = YES;
				GCC_WARN_UNINITIALIZED_AUTOS = YES_AGGRESSIVE;
				GCC_WARN_UNUSED_FUNCTION = YES;
				GCC_WARN_UNUSED_VARIABLE = YES;
				IPHONEOS_DEPLOYMENT_TARGET = 13.0;
				MTL_ENABLE_DEBUG_INFO = INCLUDE_SOURCE;
				MTL_FAST_MATH = YES;
				ONLY_ACTIVE_ARCH = YES;
				SDKROOT = iphoneos;
				SWIFT_ACTIVE_COMPILATION_CONDITIONS = DEBUG;
				SWIFT_OPTIMIZATION_LEVEL = "-Onone";
			};
			name = Debug;
		};
		E803381125BEBE36008580CA /* Release */ = {
			isa = XCBuildConfiguration;
			buildSettings = {
				ALWAYS_SEARCH_USER_PATHS = NO;
				CLANG_ANALYZER_NONNULL = YES;
				CLANG_ANALYZER_NUMBER_OBJECT_CONVERSION = YES_AGGRESSIVE;
				CLANG_CXX_LANGUAGE_STANDARD = "gnu++14";
				CLANG_CXX_LIBRARY = "libc++";
				CLANG_ENABLE_MODULES = YES;
				CLANG_ENABLE_OBJC_ARC = YES;
				CLANG_ENABLE_OBJC_WEAK = YES;
				CLANG_WARN_BLOCK_CAPTURE_AUTORELEASING = YES;
				CLANG_WARN_BOOL_CONVERSION = YES;
				CLANG_WARN_COMMA = YES;
				CLANG_WARN_CONSTANT_CONVERSION = YES;
				CLANG_WARN_DEPRECATED_OBJC_IMPLEMENTATIONS = YES;
				CLANG_WARN_DIRECT_OBJC_ISA_USAGE = YES_ERROR;
				CLANG_WARN_DOCUMENTATION_COMMENTS = YES;
				CLANG_WARN_EMPTY_BODY = YES;
				CLANG_WARN_ENUM_CONVERSION = YES;
				CLANG_WARN_INFINITE_RECURSION = YES;
				CLANG_WARN_INT_CONVERSION = YES;
				CLANG_WARN_NON_LITERAL_NULL_CONVERSION = YES;
				CLANG_WARN_OBJC_IMPLICIT_RETAIN_SELF = YES;
				CLANG_WARN_OBJC_LITERAL_CONVERSION = YES;
				CLANG_WARN_OBJC_ROOT_CLASS = YES_ERROR;
				CLANG_WARN_QUOTED_INCLUDE_IN_FRAMEWORK_HEADER = YES;
				CLANG_WARN_RANGE_LOOP_ANALYSIS = YES;
				CLANG_WARN_STRICT_PROTOTYPES = YES;
				CLANG_WARN_SUSPICIOUS_MOVE = YES;
				CLANG_WARN_UNGUARDED_AVAILABILITY = YES_AGGRESSIVE;
				CLANG_WARN_UNREACHABLE_CODE = YES;
				CLANG_WARN__DUPLICATE_METHOD_MATCH = YES;
				COPY_PHASE_STRIP = NO;
				DEBUG_INFORMATION_FORMAT = "dwarf-with-dsym";
				ENABLE_NS_ASSERTIONS = NO;
				ENABLE_STRICT_OBJC_MSGSEND = YES;
				GCC_C_LANGUAGE_STANDARD = gnu11;
				GCC_NO_COMMON_BLOCKS = YES;
				GCC_WARN_64_TO_32_BIT_CONVERSION = YES;
				GCC_WARN_ABOUT_RETURN_TYPE = YES_ERROR;
				GCC_WARN_UNDECLARED_SELECTOR = YES;
				GCC_WARN_UNINITIALIZED_AUTOS = YES_AGGRESSIVE;
				GCC_WARN_UNUSED_FUNCTION = YES;
				GCC_WARN_UNUSED_VARIABLE = YES;
				IPHONEOS_DEPLOYMENT_TARGET = 13.0;
				MTL_ENABLE_DEBUG_INFO = NO;
				MTL_FAST_MATH = YES;
				SDKROOT = iphoneos;
				SWIFT_COMPILATION_MODE = wholemodule;
				SWIFT_OPTIMIZATION_LEVEL = "-O";
				VALIDATE_PRODUCT = YES;
			};
			name = Release;
		};
		E803381325BEBE36008580CA /* Debug */ = {
			isa = XCBuildConfiguration;
			baseConfigurationReference = B09272E57C9BFC1751A5BF2D /* Pods-Woofriend.debug.xcconfig */;
			buildSettings = {
				ASSETCATALOG_COMPILER_APPICON_NAME = AppIcon;
				ASSETCATALOG_COMPILER_GLOBAL_ACCENT_COLOR_NAME = AccentColor;
				CODE_SIGN_STYLE = Automatic;
				DEVELOPMENT_TEAM = 4693VAH9ZM;
				FRAMEWORK_SEARCH_PATHS = (
					"$(inherited)",
					"$(PROJECT_DIR)",
				);
				INFOPLIST_FILE = woofriend/Info.plist;
				IPHONEOS_DEPLOYMENT_TARGET = 13.0;
				LD_RUNPATH_SEARCH_PATHS = (
					"$(inherited)",
					"@executable_path/Frameworks",
				);
				MARKETING_VERSION = 1.0.0;
				OTHER_LDFLAGS = (
					"$(inherited)",
					"-ObjC",
					"-framework",
					"\"CoreGraphics\"",
					"-framework",
					"\"CoreTelephony\"",
					"-framework",
					"\"FirebaseAnalytics\"",
					"-framework",
					"\"Foundation\"",
					"-framework",
					"\"GoogleAppMeasurement\"",
					"-framework",
					"\"NaverThirdPartyLogin\"",
					"-framework",
					"\"QuartzCore\"",
					"-framework",
					"\"SafariServices\"",
					"-framework",
					"\"Security\"",
					"-framework",
					"\"StoreKit\"",
					"-framework",
					"\"SystemConfiguration\"",
					"-framework",
					"\"UIKit\"",
				);
				PRODUCT_BUNDLE_IDENTIFIER = com.depromeet.woofriend;
				PRODUCT_NAME = "$(TARGET_NAME)";
				SWIFT_OBJC_BRIDGING_HEADER = "";
				SWIFT_VERSION = 5.0;
				TARGETED_DEVICE_FAMILY = 1;
			};
			name = Debug;
		};
		E803381425BEBE36008580CA /* Release */ = {
			isa = XCBuildConfiguration;
			baseConfigurationReference = 4A5D66928C143E89B1DEC1F5 /* Pods-Woofriend.release.xcconfig */;
			buildSettings = {
				ASSETCATALOG_COMPILER_APPICON_NAME = AppIcon;
				ASSETCATALOG_COMPILER_GLOBAL_ACCENT_COLOR_NAME = AccentColor;
				CODE_SIGN_STYLE = Automatic;
				DEVELOPMENT_TEAM = 4693VAH9ZM;
				FRAMEWORK_SEARCH_PATHS = (
					"$(inherited)",
					"$(PROJECT_DIR)",
				);
				INFOPLIST_FILE = woofriend/Info.plist;
				IPHONEOS_DEPLOYMENT_TARGET = 13.0;
				LD_RUNPATH_SEARCH_PATHS = (
					"$(inherited)",
					"@executable_path/Frameworks",
				);
				MARKETING_VERSION = 1.0.0;
				OTHER_LDFLAGS = (
					"$(inherited)",
					"-ObjC",
					"-framework",
					"\"CoreGraphics\"",
					"-framework",
					"\"CoreTelephony\"",
					"-framework",
					"\"FirebaseAnalytics\"",
					"-framework",
					"\"Foundation\"",
					"-framework",
					"\"GoogleAppMeasurement\"",
					"-framework",
					"\"NaverThirdPartyLogin\"",
					"-framework",
					"\"QuartzCore\"",
					"-framework",
					"\"SafariServices\"",
					"-framework",
					"\"Security\"",
					"-framework",
					"\"StoreKit\"",
					"-framework",
					"\"SystemConfiguration\"",
					"-framework",
					"\"UIKit\"",
				);
				PRODUCT_BUNDLE_IDENTIFIER = com.depromeet.woofriend;
				PRODUCT_NAME = "$(TARGET_NAME)";
				SWIFT_OBJC_BRIDGING_HEADER = "";
				SWIFT_VERSION = 5.0;
				TARGETED_DEVICE_FAMILY = 1;
			};
			name = Release;
		};
		E803381625BEBE36008580CA /* Debug */ = {
			isa = XCBuildConfiguration;
			baseConfigurationReference = E910FF1BD6DCD532FEA110AF /* Pods-WoofriendTests.debug.xcconfig */;
			buildSettings = {
				ALWAYS_EMBED_SWIFT_STANDARD_LIBRARIES = YES;
				BUNDLE_LOADER = "$(TEST_HOST)";
				CODE_SIGN_STYLE = Automatic;
				DEVELOPMENT_TEAM = 4693VAH9ZM;
				INFOPLIST_FILE = woofriendTests/Info.plist;
				IPHONEOS_DEPLOYMENT_TARGET = 14.3;
				LD_RUNPATH_SEARCH_PATHS = (
					"$(inherited)",
					"@executable_path/Frameworks",
					"@loader_path/Frameworks",
				);
				PRODUCT_BUNDLE_IDENTIFIER = com.depromeet.woofriend.woofriendTests;
				PRODUCT_NAME = "$(TARGET_NAME)";
				SWIFT_VERSION = 5.0;
				TARGETED_DEVICE_FAMILY = "1,2";
				TEST_HOST = "$(BUILT_PRODUCTS_DIR)/Woofriend.app/Woofriend";
			};
			name = Debug;
		};
		E803381725BEBE36008580CA /* Release */ = {
			isa = XCBuildConfiguration;
			baseConfigurationReference = 1021EC999F8855FD078DF99C /* Pods-WoofriendTests.release.xcconfig */;
			buildSettings = {
				ALWAYS_EMBED_SWIFT_STANDARD_LIBRARIES = YES;
				BUNDLE_LOADER = "$(TEST_HOST)";
				CODE_SIGN_STYLE = Automatic;
				DEVELOPMENT_TEAM = 4693VAH9ZM;
				INFOPLIST_FILE = woofriendTests/Info.plist;
				IPHONEOS_DEPLOYMENT_TARGET = 14.3;
				LD_RUNPATH_SEARCH_PATHS = (
					"$(inherited)",
					"@executable_path/Frameworks",
					"@loader_path/Frameworks",
				);
				PRODUCT_BUNDLE_IDENTIFIER = com.depromeet.woofriend.woofriendTests;
				PRODUCT_NAME = "$(TARGET_NAME)";
				SWIFT_VERSION = 5.0;
				TARGETED_DEVICE_FAMILY = "1,2";
				TEST_HOST = "$(BUILT_PRODUCTS_DIR)/Woofriend.app/Woofriend";
			};
			name = Release;
		};
		E803381925BEBE36008580CA /* Debug */ = {
			isa = XCBuildConfiguration;
			baseConfigurationReference = 93A5586BE55B323D5A7BC9DC /* Pods-Woofriend-WoofriendUITests.debug.xcconfig */;
			buildSettings = {
				ALWAYS_EMBED_SWIFT_STANDARD_LIBRARIES = YES;
				CODE_SIGN_STYLE = Automatic;
				DEVELOPMENT_TEAM = 4693VAH9ZM;
				INFOPLIST_FILE = woofriendUITests/Info.plist;
				LD_RUNPATH_SEARCH_PATHS = (
					"$(inherited)",
					"@executable_path/Frameworks",
					"@loader_path/Frameworks",
				);
				PRODUCT_BUNDLE_IDENTIFIER = com.depromeet.woofriend.woofriendUITests;
				PRODUCT_NAME = "$(TARGET_NAME)";
				SWIFT_VERSION = 5.0;
				TARGETED_DEVICE_FAMILY = "1,2";
				TEST_TARGET_NAME = woofriend;
			};
			name = Debug;
		};
		E803381A25BEBE36008580CA /* Release */ = {
			isa = XCBuildConfiguration;
			baseConfigurationReference = CE33E6A44E5F01F2402DAFCA /* Pods-Woofriend-WoofriendUITests.release.xcconfig */;
			buildSettings = {
				ALWAYS_EMBED_SWIFT_STANDARD_LIBRARIES = YES;
				CODE_SIGN_STYLE = Automatic;
				DEVELOPMENT_TEAM = 4693VAH9ZM;
				INFOPLIST_FILE = woofriendUITests/Info.plist;
				LD_RUNPATH_SEARCH_PATHS = (
					"$(inherited)",
					"@executable_path/Frameworks",
					"@loader_path/Frameworks",
				);
				PRODUCT_BUNDLE_IDENTIFIER = com.depromeet.woofriend.woofriendUITests;
				PRODUCT_NAME = "$(TARGET_NAME)";
				SWIFT_VERSION = 5.0;
				TARGETED_DEVICE_FAMILY = "1,2";
				TEST_TARGET_NAME = woofriend;
			};
			name = Release;
		};
/* End XCBuildConfiguration section */

/* Begin XCConfigurationList section */
		E80337E025BEBE34008580CA /* Build configuration list for PBXProject "Woofriend" */ = {
			isa = XCConfigurationList;
			buildConfigurations = (
				E803381025BEBE36008580CA /* Debug */,
				E803381125BEBE36008580CA /* Release */,
			);
			defaultConfigurationIsVisible = 0;
			defaultConfigurationName = Release;
		};
		E803381225BEBE36008580CA /* Build configuration list for PBXNativeTarget "Woofriend" */ = {
			isa = XCConfigurationList;
			buildConfigurations = (
				E803381325BEBE36008580CA /* Debug */,
				E803381425BEBE36008580CA /* Release */,
			);
			defaultConfigurationIsVisible = 0;
			defaultConfigurationName = Release;
		};
		E803381525BEBE36008580CA /* Build configuration list for PBXNativeTarget "WoofriendTests" */ = {
			isa = XCConfigurationList;
			buildConfigurations = (
				E803381625BEBE36008580CA /* Debug */,
				E803381725BEBE36008580CA /* Release */,
			);
			defaultConfigurationIsVisible = 0;
			defaultConfigurationName = Release;
		};
		E803381825BEBE36008580CA /* Build configuration list for PBXNativeTarget "WoofriendUITests" */ = {
			isa = XCConfigurationList;
			buildConfigurations = (
				E803381925BEBE36008580CA /* Debug */,
				E803381A25BEBE36008580CA /* Release */,
			);
			defaultConfigurationIsVisible = 0;
			defaultConfigurationName = Release;
		};
/* End XCConfigurationList section */

/* Begin XCVersionGroup section */
		E80337F125BEBE34008580CA /* woofriend.xcdatamodeld */ = {
			isa = XCVersionGroup;
			children = (
				E80337F225BEBE34008580CA /* woofriend.xcdatamodel */,
			);
			currentVersion = E80337F225BEBE34008580CA /* woofriend.xcdatamodel */;
			path = woofriend.xcdatamodeld;
			sourceTree = "<group>";
			versionGroupType = wrapper.xcdatamodel;
		};
/* End XCVersionGroup section */
	};
	rootObject = E80337DD25BEBE34008580CA /* Project object */;
}
